<?xml version="1.0" encoding="utf-8"?>
<Project ToolsVersion="4.0" xmlns="http://schemas.microsoft.com/developer/msbuild/2003">
  <ItemGroup>
    <Filter Include="资源文件">
      <UniqueIdentifier>{67DA6AB6-F800-4c08-8B7A-83BB121AAD01}</UniqueIdentifier>
      <Extensions>rc;ico;cur;bmp;dlg;rc2;rct;bin;rgs;gif;jpg;jpeg;jpe;resx;tiff;tif;png;wav;mfcribbon-ms</Extensions>
    </Filter>
    <Filter Include="Common">
      <UniqueIdentifier>{7c14a1d5-7828-4345-abeb-1ef5f53a1979}</UniqueIdentifier>
    </Filter>
    <Filter Include="Core">
      <UniqueIdentifier>{5ffe3d26-f1a8-49df-b3ed-a38a9afc6621}</UniqueIdentifier>
    </Filter>
    <Filter Include="Core\Math">
      <UniqueIdentifier>{bd48d843-4e41-42dc-a95f-76d23a2d8a73}</UniqueIdentifier>
    </Filter>
    <Filter Include="Source Files">
      <UniqueIdentifier>{d8d3bc0d-091b-421a-8961-7c5326c69f55}</UniqueIdentifier>
    </Filter>
  </ItemGroup>
  <ItemGroup>
    <ClInclude Include="Core\GpuResource.h">
      <Filter>Core</Filter>
    </ClInclude>
    <ClInclude Include="Common\d3dx12.h">
      <Filter>Common</Filter>
    </ClInclude>
    <ClInclude Include="Common\DeviceResources.h">
      <Filter>Common</Filter>
    </ClInclude>
    <ClInclude Include="Common\GameTimer.h">
      <Filter>Common</Filter>
    </ClInclude>
    <ClInclude Include="Common\MyApp.h">
      <Filter>Common</Filter>
    </ClInclude>
    <ClInclude Include="Common\MyBaseApp.h">
      <Filter>Common</Filter>
    </ClInclude>
    <ClInclude Include="Common\MyBasicGeometry.h">
      <Filter>Common</Filter>
    </ClInclude>
    <ClInclude Include="Common\MyCamera.h">
      <Filter>Common</Filter>
    </ClInclude>
    <ClInclude Include="Common\MyLight.h">
      <Filter>Common</Filter>
    </ClInclude>
    <ClInclude Include="Common\MyUtils.h">
      <Filter>Common</Filter>
    </ClInclude>
    <ClInclude Include="Common\MyWindow.h">
      <Filter>Common</Filter>
    </ClInclude>
    <ClInclude Include="Common\pch.h">
      <Filter>Common</Filter>
    </ClInclude>
    <ClInclude Include="Common\resource.h">
      <Filter>Common</Filter>
    </ClInclude>
    <ClInclude Include="Core\GpuBuffer.h">
      <Filter>Core</Filter>
    </ClInclude>
    <ClInclude Include="Core\Utility.h">
      <Filter>Core</Filter>
    </ClInclude>
    <ClInclude Include="Core\Math\BoundingPlane.h">
      <Filter>Core\Math</Filter>
    </ClInclude>
    <ClInclude Include="Core\Math\BoundingSphere.h">
      <Filter>Core\Math</Filter>
    </ClInclude>
    <ClInclude Include="Core\Math\Common.h">
      <Filter>Core\Math</Filter>
    </ClInclude>
    <ClInclude Include="Core\Math\Frustum.h">
      <Filter>Core\Math</Filter>
    </ClInclude>
    <ClInclude Include="Core\Math\Matrix3.h">
      <Filter>Core\Math</Filter>
    </ClInclude>
    <ClInclude Include="Core\Math\Matrix4.h">
      <Filter>Core\Math</Filter>
    </ClInclude>
    <ClInclude Include="Core\Math\Quaternion.h">
      <Filter>Core\Math</Filter>
    </ClInclude>
    <ClInclude Include="Core\Math\Random.h">
      <Filter>Core\Math</Filter>
    </ClInclude>
    <ClInclude Include="Core\Math\Scalar.h">
      <Filter>Core\Math</Filter>
    </ClInclude>
    <ClInclude Include="Core\Math\Transform.h">
      <Filter>Core\Math</Filter>
    </ClInclude>
    <ClInclude Include="Core\Math\Vector.h">
      <Filter>Core\Math</Filter>
    </ClInclude>
    <ClInclude Include="Core\VectorMath.h">
      <Filter>Core</Filter>
    </ClInclude>
    <ClInclude Include="Core\Camera.h">
      <Filter>Core</Filter>
    </ClInclude>
    <ClInclude Include="Core\Hash.h">
      <Filter>Core</Filter>
    </ClInclude>
    <ClInclude Include="Core\RootSignature.h">
      <Filter>Core</Filter>
    </ClInclude>
    <ClInclude Include="Core\PipelineState.h">
      <Filter>Core</Filter>
    </ClInclude>
    <ClInclude Include="Core\DynamicUploadBuffer.h">
      <Filter>Core</Filter>
    </ClInclude>
    <ClInclude Include="CommandSignature.h" />
  </ItemGroup>
  <ItemGroup>
    <ClCompile Include="Common\DeviceResources.cpp">
      <Filter>Common</Filter>
    </ClCompile>
    <ClCompile Include="Common\GameTimer.cpp">
      <Filter>Common</Filter>
    </ClCompile>
    <ClCompile Include="Common\MyApp.cpp">
      <Filter>Common</Filter>
    </ClCompile>
    <ClCompile Include="Common\MyBaseApp.cpp">
      <Filter>Common</Filter>
    </ClCompile>
    <ClCompile Include="Common\MyBasicGeometry.cpp">
      <Filter>Common</Filter>
    </ClCompile>
    <ClCompile Include="Common\MyCamera.cpp">
      <Filter>Common</Filter>
    </ClCompile>
    <ClCompile Include="Common\MyLight.cpp">
      <Filter>Common</Filter>
    </ClCompile>
    <ClCompile Include="Common\MyUtils.cpp">
      <Filter>Common</Filter>
    </ClCompile>
    <ClCompile Include="Common\MyWindow.cpp">
      <Filter>Common</Filter>
    </ClCompile>
    <ClCompile Include="Core\GpuBuffer.cpp">
      <Filter>Core</Filter>
    </ClCompile>
    <ClCompile Include="Core\Utility.cpp">
      <Filter>Core</Filter>
    </ClCompile>
    <ClCompile Include="Core\Math\Frustum.cpp">
      <Filter>Core\Math</Filter>
    </ClCompile>
    <ClCompile Include="Core\Math\Random.cpp">
      <Filter>Core\Math</Filter>
    </ClCompile>
    <ClCompile Include="Core\Camera.cpp">
      <Filter>Core</Filter>
    </ClCompile>
    <ClCompile Include="WinMain.cpp">
      <Filter>Source Files</Filter>
    </ClCompile>
    <ClCompile Include="Core\RootSignature.cpp">
      <Filter>Core</Filter>
    </ClCompile>
    <ClCompile Include="Core\PipelineState.cpp">
      <Filter>Core</Filter>
    </ClCompile>
    <ClCompile Include="Core\DynamicUploadBuffer.cpp">
      <Filter>Core</Filter>
    </ClCompile>
    <ClCompile Include="CommandSignature.cpp" />
  </ItemGroup>
  <ItemGroup>
    <ResourceCompile Include="MyMiniEngine.rc">
      <Filter>资源文件</Filter>
    </ResourceCompile>
  </ItemGroup>
  <ItemGroup>
    <Image Include="..\Common\hinata.ico">
      <Filter>资源文件</Filter>
    </Image>
  </ItemGroup>
  <ItemGroup>
    <None Include="Core\Math\Functions.inl">
      <Filter>Core\Math</Filter>
    </None>
  </ItemGroup>
</Project>