<?xml version="1.0" encoding="utf-8"?>
<Project ToolsVersion="4.0" xmlns="http://schemas.microsoft.com/developer/msbuild/2003">
  <ItemGroup>
    <Filter Include="资源文件">
      <UniqueIdentifier>{67DA6AB6-F800-4c08-8B7A-83BB121AAD01}</UniqueIdentifier>
      <Extensions>rc;ico;cur;bmp;dlg;rc2;rct;bin;rgs;gif;jpg;jpeg;jpe;resx;tiff;tif;png;wav;mfcribbon-ms</Extensions>
    </Filter>
    <Filter Include="Common">
      <UniqueIdentifier>{7c14a1d5-7828-4345-abeb-1ef5f53a1979}</UniqueIdentifier>
    </Filter>
    <Filter Include="Core">
      <UniqueIdentifier>{5ffe3d26-f1a8-49df-b3ed-a38a9afc6621}</UniqueIdentifier>
    </Filter>
    <Filter Include="Core\Math">
      <UniqueIdentifier>{bd48d843-4e41-42dc-a95f-76d23a2d8a73}</UniqueIdentifier>
    </Filter>
    <Filter Include="Source Files">
      <UniqueIdentifier>{d8d3bc0d-091b-421a-8961-7c5326c69f55}</UniqueIdentifier>
    </Filter>
    <Filter Include="Game">
      <UniqueIdentifier>{38c6d91a-289a-4262-aa34-088cf2b6c9ad}</UniqueIdentifier>
    </Filter>
    <Filter Include="Core\Shaders">
      <UniqueIdentifier>{14bf1bea-b8d0-43dc-bdfc-b0510ad49667}</UniqueIdentifier>
    </Filter>
    <Filter Include="Core\Shaders\Present">
      <UniqueIdentifier>{17b109af-d976-48b7-9ed5-64ebe56c249a}</UniqueIdentifier>
    </Filter>
    <Filter Include="Core\Shaders\Text">
      <UniqueIdentifier>{5d66ddcb-939c-41ed-9f5f-75f74cda1512}</UniqueIdentifier>
    </Filter>
    <Filter Include="Core\Shaders\Misc">
      <UniqueIdentifier>{0954de53-da4b-43eb-8d78-149f91f3a25a}</UniqueIdentifier>
    </Filter>
    <Filter Include="Shaders">
      <UniqueIdentifier>{96c2deb8-e87b-47ae-933f-3fa71f64759e}</UniqueIdentifier>
    </Filter>
    <Filter Include="Effects">
      <UniqueIdentifier>{26433081-57a6-496b-9791-66e6b2cd5c29}</UniqueIdentifier>
    </Filter>
    <Filter Include="Core\Shaders\Temporal">
      <UniqueIdentifier>{18fd7bf6-0e83-4fbf-b17a-81fe7fb22b64}</UniqueIdentifier>
    </Filter>
    <Filter Include="Core\Shaders\SSAO">
      <UniqueIdentifier>{69b8c5a9-7577-4b60-8b8e-566068d42646}</UniqueIdentifier>
    </Filter>
    <Filter Include="Core\Shaders\HDR">
      <UniqueIdentifier>{569d706e-2461-4245-ac2f-b21c6e7579f7}</UniqueIdentifier>
    </Filter>
    <Filter Include="Effects\ParticleEffects">
      <UniqueIdentifier>{091bf550-1a15-4b9b-a89a-479421cfebd0}</UniqueIdentifier>
    </Filter>
    <Filter Include="Core\Shaders\Particles">
      <UniqueIdentifier>{ace5de86-c985-4b2c-a3c9-aef1b8abea1a}</UniqueIdentifier>
    </Filter>
    <Filter Include="Core\Shaders\Skybox">
      <UniqueIdentifier>{98d493e1-e013-4c27-a59a-202dd84d86e2}</UniqueIdentifier>
    </Filter>
    <Filter Include="CommonCompute">
      <UniqueIdentifier>{201cf622-390d-4df0-ac22-2cba3fd73a05}</UniqueIdentifier>
    </Filter>
    <Filter Include="CommonCompute\Shaders">
      <UniqueIdentifier>{195b8209-2503-400e-a10f-e5c2d7ee0726}</UniqueIdentifier>
    </Filter>
    <Filter Include="Scenes">
      <UniqueIdentifier>{85ce3536-9d60-4434-b3fa-ec467ab671ef}</UniqueIdentifier>
    </Filter>
    <Filter Include="Shaders\Prev">
      <UniqueIdentifier>{c4d8c02b-5128-4690-9336-85baf6c97a4c}</UniqueIdentifier>
    </Filter>
  </ItemGroup>
  <ItemGroup>
    <ClInclude Include="Core\GpuResource.h">
      <Filter>Core</Filter>
    </ClInclude>
    <ClInclude Include="Common\d3dx12.h">
      <Filter>Common</Filter>
    </ClInclude>
    <ClInclude Include="Common\DeviceResources.h">
      <Filter>Common</Filter>
    </ClInclude>
    <ClInclude Include="Common\GameTimer.h">
      <Filter>Common</Filter>
    </ClInclude>
    <ClInclude Include="Common\MyApp.h">
      <Filter>Common</Filter>
    </ClInclude>
    <ClInclude Include="Common\MyBaseApp.h">
      <Filter>Common</Filter>
    </ClInclude>
    <ClInclude Include="Common\MyBasicGeometry.h">
      <Filter>Common</Filter>
    </ClInclude>
    <ClInclude Include="Common\MyCamera.h">
      <Filter>Common</Filter>
    </ClInclude>
    <ClInclude Include="Common\MyLight.h">
      <Filter>Common</Filter>
    </ClInclude>
    <ClInclude Include="Common\MyUtils.h">
      <Filter>Common</Filter>
    </ClInclude>
    <ClInclude Include="Common\MyWindow.h">
      <Filter>Common</Filter>
    </ClInclude>
    <ClInclude Include="Common\pch.h">
      <Filter>Common</Filter>
    </ClInclude>
    <ClInclude Include="Common\resource.h">
      <Filter>Common</Filter>
    </ClInclude>
    <ClInclude Include="Core\GpuBuffer.h">
      <Filter>Core</Filter>
    </ClInclude>
    <ClInclude Include="Core\Utility.h">
      <Filter>Core</Filter>
    </ClInclude>
    <ClInclude Include="Core\Math\BoundingPlane.h">
      <Filter>Core\Math</Filter>
    </ClInclude>
    <ClInclude Include="Core\Math\BoundingSphere.h">
      <Filter>Core\Math</Filter>
    </ClInclude>
    <ClInclude Include="Core\Math\Common.h">
      <Filter>Core\Math</Filter>
    </ClInclude>
    <ClInclude Include="Core\Math\Frustum.h">
      <Filter>Core\Math</Filter>
    </ClInclude>
    <ClInclude Include="Core\Math\Matrix3.h">
      <Filter>Core\Math</Filter>
    </ClInclude>
    <ClInclude Include="Core\Math\Matrix4.h">
      <Filter>Core\Math</Filter>
    </ClInclude>
    <ClInclude Include="Core\Math\Quaternion.h">
      <Filter>Core\Math</Filter>
    </ClInclude>
    <ClInclude Include="Core\Math\Random.h">
      <Filter>Core\Math</Filter>
    </ClInclude>
    <ClInclude Include="Core\Math\Scalar.h">
      <Filter>Core\Math</Filter>
    </ClInclude>
    <ClInclude Include="Core\Math\Transform.h">
      <Filter>Core\Math</Filter>
    </ClInclude>
    <ClInclude Include="Core\Math\Vector.h">
      <Filter>Core\Math</Filter>
    </ClInclude>
    <ClInclude Include="Core\VectorMath.h">
      <Filter>Core</Filter>
    </ClInclude>
    <ClInclude Include="Core\Camera.h">
      <Filter>Core</Filter>
    </ClInclude>
    <ClInclude Include="Core\Hash.h">
      <Filter>Core</Filter>
    </ClInclude>
    <ClInclude Include="Core\RootSignature.h">
      <Filter>Core</Filter>
    </ClInclude>
    <ClInclude Include="Core\PipelineState.h">
      <Filter>Core</Filter>
    </ClInclude>
    <ClInclude Include="Core\DynamicUploadBuffer.h">
      <Filter>Core</Filter>
    </ClInclude>
    <ClInclude Include="Core\CommandSignature.h">
      <Filter>Core</Filter>
    </ClInclude>
    <ClInclude Include="Core\CommandAllocatorPool.h">
      <Filter>Core</Filter>
    </ClInclude>
    <ClInclude Include="Core\CommandListManager.h">
      <Filter>Core</Filter>
    </ClInclude>
    <ClInclude Include="Core\Graphics.h">
      <Filter>Core</Filter>
    </ClInclude>
    <ClInclude Include="Core\Color.h">
      <Filter>Core</Filter>
    </ClInclude>
    <ClInclude Include="Core\DescriptorHeap.h">
      <Filter>Core</Filter>
    </ClInclude>
    <ClInclude Include="Core\LinearAllocator.h">
      <Filter>Core</Filter>
    </ClInclude>
    <ClInclude Include="Core\PixelBuffer.h">
      <Filter>Core</Filter>
    </ClInclude>
    <ClInclude Include="Core\ColorBuffer.h">
      <Filter>Core</Filter>
    </ClInclude>
    <ClInclude Include="Core\DepthBuffer.h">
      <Filter>Core</Filter>
    </ClInclude>
    <ClInclude Include="Core\CommandContext.h">
      <Filter>Core</Filter>
    </ClInclude>
    <ClInclude Include="Core\DynamicDescriptorHeap.h">
      <Filter>Core</Filter>
    </ClInclude>
    <ClInclude Include="IGameApp.h">
      <Filter>Game</Filter>
    </ClInclude>
    <ClInclude Include="Core\GfxCommon.h">
      <Filter>Core</Filter>
    </ClInclude>
    <ClInclude Include="Core\SamplerManager.h">
      <Filter>Core</Filter>
    </ClInclude>
    <ClInclude Include="Model.h">
      <Filter>Game</Filter>
    </ClInclude>
    <ClInclude Include="Core\DDSTextureLoader.h">
      <Filter>Core</Filter>
    </ClInclude>
    <ClInclude Include="Core\dds.h">
      <Filter>Core</Filter>
    </ClInclude>
    <ClInclude Include="FileUtility.h">
      <Filter>Game</Filter>
    </ClInclude>
    <ClInclude Include="Core\TextureManager.h">
      <Filter>Core</Filter>
    </ClInclude>
    <ClInclude Include="Core\TextRenderer.h">
      <Filter>Core</Filter>
    </ClInclude>
    <ClInclude Include="ModelViewer.h">
      <Filter>Game</Filter>
    </ClInclude>
    <ClInclude Include="Core\stb_image.h">
      <Filter>Core</Filter>
    </ClInclude>
    <ClInclude Include="Effects\ForwardPlusLighting.h">
      <Filter>Effects</Filter>
    </ClInclude>
    <ClInclude Include="GameInput.h">
      <Filter>Game</Filter>
    </ClInclude>
    <ClInclude Include="CameraController.h">
      <Filter>Game</Filter>
    </ClInclude>
    <ClInclude Include="Core\ShadowBuffer.h">
      <Filter>Core</Filter>
    </ClInclude>
    <ClInclude Include="Core\ShadowCamera.h">
      <Filter>Core</Filter>
    </ClInclude>
    <ClInclude Include="Effects\TemporalAA.h">
      <Filter>Effects</Filter>
    </ClInclude>
    <ClInclude Include="Effects\MotionBlur.h">
      <Filter>Core</Filter>
    </ClInclude>
    <ClInclude Include="Core\Effects.h">
      <Filter>Core</Filter>
    </ClInclude>
    <ClInclude Include="Core\PostEffects.h">
      <Filter>Core</Filter>
    </ClInclude>
    <ClInclude Include="Effects\ParticleShaderStructs.h">
      <Filter>Effects\ParticleEffects</Filter>
    </ClInclude>
    <ClInclude Include="Effects\ParticleEffectProperties.h">
      <Filter>Effects\ParticleEffects</Filter>
    </ClInclude>
    <ClInclude Include="Effects\ParticleEffect.h">
      <Filter>Effects\ParticleEffects</Filter>
    </ClInclude>
    <ClInclude Include="Effects\ParticleEffectManager.h">
      <Filter>Effects\ParticleEffects</Filter>
    </ClInclude>
    <ClInclude Include="glTFCommon.h">
      <Filter>Game</Filter>
    </ClInclude>
    <ClInclude Include="glTFImporter.h">
      <Filter>Game</Filter>
    </ClInclude>
    <ClInclude Include="glTFViewer.h">
      <Filter>Game</Filter>
    </ClInclude>
    <ClInclude Include="Core\Skybox.h">
      <Filter>Core</Filter>
    </ClInclude>
    <ClInclude Include="CommonCompute.h">
      <Filter>CommonCompute</Filter>
    </ClInclude>
    <ClInclude Include="Core\stb_image_write.h">
      <Filter>Core</Filter>
    </ClInclude>
    <ClInclude Include="Core\IComputingApp.h">
      <Filter>CommonCompute</Filter>
    </ClInclude>
    <ClInclude Include="CommonCompute\SHBasics.h">
      <Filter>CommonCompute</Filter>
    </ClInclude>
    <ClInclude Include="CubemapIBLApp.h">
      <Filter>CommonCompute</Filter>
    </ClInclude>
    <ClInclude Include="Core\ReadbackBuffer.h">
      <Filter>Core</Filter>
    </ClInclude>
    <ClInclude Include="Core\Math\GLMath.h">
      <Filter>Core\Math</Filter>
    </ClInclude>
    <ClInclude Include="Scenes\VertexLayout.h">
      <Filter>Scenes</Filter>
    </ClInclude>
    <ClInclude Include="Scenes\MaterialDefines.h">
      <Filter>Scenes</Filter>
    </ClInclude>
    <ClInclude Include="Scenes\Material.h">
      <Filter>Scenes</Filter>
    </ClInclude>
    <ClInclude Include="Scenes\Scene.h">
      <Filter>Scenes</Filter>
    </ClInclude>
    <ClInclude Include="Scenes\AssimpImporter.h">
      <Filter>Scenes</Filter>
    </ClInclude>
    <ClInclude Include="Scenes\SceneDefines.h">
      <Filter>Scenes</Filter>
    </ClInclude>
    <ClInclude Include="Shaders\HlslDefines.h">
      <Filter>Shaders</Filter>
    </ClInclude>
    <ClInclude Include="Scenes\LightDefines.h">
      <Filter>Scenes</Filter>
    </ClInclude>
    <ClInclude Include="Shaders\MathConstants.h">
      <Filter>Shaders</Filter>
    </ClInclude>
    <ClInclude Include="SceneViewer.h">
      <Filter>Game</Filter>
    </ClInclude>
  </ItemGroup>
  <ItemGroup>
    <ClCompile Include="Common\DeviceResources.cpp">
      <Filter>Common</Filter>
    </ClCompile>
    <ClCompile Include="Common\GameTimer.cpp">
      <Filter>Common</Filter>
    </ClCompile>
    <ClCompile Include="Common\MyApp.cpp">
      <Filter>Common</Filter>
    </ClCompile>
    <ClCompile Include="Common\MyBaseApp.cpp">
      <Filter>Common</Filter>
    </ClCompile>
    <ClCompile Include="Common\MyBasicGeometry.cpp">
      <Filter>Common</Filter>
    </ClCompile>
    <ClCompile Include="Common\MyCamera.cpp">
      <Filter>Common</Filter>
    </ClCompile>
    <ClCompile Include="Common\MyLight.cpp">
      <Filter>Common</Filter>
    </ClCompile>
    <ClCompile Include="Common\MyUtils.cpp">
      <Filter>Common</Filter>
    </ClCompile>
    <ClCompile Include="Common\MyWindow.cpp">
      <Filter>Common</Filter>
    </ClCompile>
    <ClCompile Include="Core\GpuBuffer.cpp">
      <Filter>Core</Filter>
    </ClCompile>
    <ClCompile Include="Core\Utility.cpp">
      <Filter>Core</Filter>
    </ClCompile>
    <ClCompile Include="Core\Math\Frustum.cpp">
      <Filter>Core\Math</Filter>
    </ClCompile>
    <ClCompile Include="Core\Math\Random.cpp">
      <Filter>Core\Math</Filter>
    </ClCompile>
    <ClCompile Include="Core\Camera.cpp">
      <Filter>Core</Filter>
    </ClCompile>
    <ClCompile Include="WinMain.cpp">
      <Filter>Source Files</Filter>
    </ClCompile>
    <ClCompile Include="Core\RootSignature.cpp">
      <Filter>Core</Filter>
    </ClCompile>
    <ClCompile Include="Core\PipelineState.cpp">
      <Filter>Core</Filter>
    </ClCompile>
    <ClCompile Include="Core\DynamicUploadBuffer.cpp">
      <Filter>Core</Filter>
    </ClCompile>
    <ClCompile Include="Core\CommandSignature.cpp">
      <Filter>Core</Filter>
    </ClCompile>
    <ClCompile Include="Core\CommandAllocatorPool.cpp">
      <Filter>Core</Filter>
    </ClCompile>
    <ClCompile Include="Core\CommandListManager.cpp">
      <Filter>Core</Filter>
    </ClCompile>
    <ClCompile Include="Core\Graphics.cpp">
      <Filter>Core</Filter>
    </ClCompile>
    <ClCompile Include="Core\Color.cpp">
      <Filter>Core</Filter>
    </ClCompile>
    <ClCompile Include="Core\DescriptorHeap.cpp">
      <Filter>Core</Filter>
    </ClCompile>
    <ClCompile Include="Core\LinearAllocator.cpp">
      <Filter>Core</Filter>
    </ClCompile>
    <ClCompile Include="Core\PixelBuffer.cpp">
      <Filter>Core</Filter>
    </ClCompile>
    <ClCompile Include="Core\ColorBuffer.cpp">
      <Filter>Core</Filter>
    </ClCompile>
    <ClCompile Include="Core\DepthBuffer.cpp">
      <Filter>Core</Filter>
    </ClCompile>
    <ClCompile Include="Core\CommandContext.cpp">
      <Filter>Core</Filter>
    </ClCompile>
    <ClCompile Include="Core\DynamicDescriptorHeap.cpp">
      <Filter>Core</Filter>
    </ClCompile>
    <ClCompile Include="IGameApp.cpp">
      <Filter>Game</Filter>
    </ClCompile>
    <ClCompile Include="Core\GfxCommon.cpp">
      <Filter>Core</Filter>
    </ClCompile>
    <ClCompile Include="Core\SamplerManager.cpp">
      <Filter>Core</Filter>
    </ClCompile>
    <ClCompile Include="Model.cpp">
      <Filter>Game</Filter>
    </ClCompile>
    <ClCompile Include="Core\DDSTextureLoader.cpp">
      <Filter>Core</Filter>
    </ClCompile>
    <ClCompile Include="FileUtility.cpp">
      <Filter>Game</Filter>
    </ClCompile>
    <ClCompile Include="Core\TextureManager.cpp">
      <Filter>Core</Filter>
    </ClCompile>
    <ClCompile Include="Core\TextRenderer.cpp">
      <Filter>Core</Filter>
    </ClCompile>
    <ClCompile Include="ModelViewer.cpp">
      <Filter>Game</Filter>
    </ClCompile>
    <ClCompile Include="Effects\ForwardPlusLighting.cpp">
      <Filter>Effects</Filter>
    </ClCompile>
    <ClCompile Include="GameInput.cpp">
      <Filter>Game</Filter>
    </ClCompile>
    <ClCompile Include="CameraController.cpp">
      <Filter>Game</Filter>
    </ClCompile>
    <ClCompile Include="Core\ShadowBuffer.cpp">
      <Filter>Core</Filter>
    </ClCompile>
    <ClCompile Include="Core\ShadowCamera.cpp">
      <Filter>Core</Filter>
    </ClCompile>
    <ClCompile Include="Effects\TemporalAA.cpp">
      <Filter>Effects</Filter>
    </ClCompile>
    <ClCompile Include="Effects\MotionBlur.cpp">
      <Filter>Core</Filter>
    </ClCompile>
    <ClCompile Include="Core\Effects.cpp">
      <Filter>Core</Filter>
    </ClCompile>
    <ClCompile Include="Core\PostEffects.cpp">
      <Filter>Core</Filter>
    </ClCompile>
    <ClCompile Include="Effects\ParticleShaderStructs.cpp">
      <Filter>Effects\ParticleEffects</Filter>
    </ClCompile>
    <ClCompile Include="Effects\ParticleEffect.cpp">
      <Filter>Effects\ParticleEffects</Filter>
    </ClCompile>
    <ClCompile Include="Effects\ParticleEffectManager.cpp">
      <Filter>Effects\ParticleEffects</Filter>
    </ClCompile>
    <ClCompile Include="glTFCommon.cpp">
      <Filter>Game</Filter>
    </ClCompile>
    <ClCompile Include="glTFImporter.cpp">
      <Filter>Game</Filter>
    </ClCompile>
    <ClCompile Include="glTFViewer.cpp">
      <Filter>Game</Filter>
    </ClCompile>
    <ClCompile Include="Core\Skybox.cpp">
      <Filter>Core</Filter>
    </ClCompile>
    <ClCompile Include="CommonCompute.cpp">
      <Filter>CommonCompute</Filter>
    </ClCompile>
    <ClCompile Include="CommonCompute\SHBasics.cpp">
      <Filter>CommonCompute</Filter>
    </ClCompile>
    <ClCompile Include="CubemapIBLApp.cpp">
      <Filter>CommonCompute</Filter>
    </ClCompile>
    <ClCompile Include="Core\ReadbackBuffer.cpp">
      <Filter>Core</Filter>
    </ClCompile>
    <ClCompile Include="Scenes\Material.cpp">
      <Filter>Scenes</Filter>
    </ClCompile>
    <ClCompile Include="Scenes\Scene.cpp">
      <Filter>Scenes</Filter>
    </ClCompile>
    <ClCompile Include="Scenes\AssimpImporter.cpp">
      <Filter>Scenes</Filter>
    </ClCompile>
    <ClCompile Include="SceneViewer.cpp">
      <Filter>Game</Filter>
    </ClCompile>
  </ItemGroup>
  <ItemGroup>
    <None Include="Core\Math\Functions.inl">
      <Filter>Core\Math</Filter>
    </None>
    <None Include="packages.config" />
    <None Include="Core\Shaders\TextRS.hlsli">
      <Filter>Core\Shaders\Text</Filter>
    </None>
    <None Include="Core\Shaders\PresentRS.hlsli">
      <Filter>Core\Shaders\Present</Filter>
    </None>
    <None Include="Core\Shaders\PixelPacking.hlsli">
      <Filter>Core\Shaders\Misc</Filter>
    </None>
    <None Include="Core\Shaders\PixelPacking_R11G11B10.hlsli">
      <Filter>Core\Shaders\Misc</Filter>
    </None>
    <None Include="Core\Shaders\PixelPacking_RGBE.hlsli">
      <Filter>Core\Shaders\Misc</Filter>
    </None>
    <None Include="Core\Shaders\PixelPacking_RGBM.hlsli">
      <Filter>Core\Shaders\Misc</Filter>
    </None>
    <None Include="Core\Shaders\ToneMappingUtility.hlsli">
      <Filter>Core\Shaders\Misc</Filter>
    </None>
    <None Include="Core\Shaders\ColorSpaceUtility.hlsli">
      <Filter>Core\Shaders\Misc</Filter>
    </None>
    <None Include="Core\Shaders\ShaderUtility.hlsli">
      <Filter>Core\Shaders\Misc</Filter>
    </None>
    <None Include="Shaders\LightGrid.hlsli">
      <Filter>Shaders</Filter>
    </None>
    <None Include="Shaders\FillLightGridCS.hlsli">
      <Filter>Shaders</Filter>
    </None>
    <None Include="Core\Shaders\TemporalRS.hlsli">
      <Filter>Core\Shaders\Temporal</Filter>
    </None>
    <None Include="Core\Shaders\MotionBlurRS.hlsli">
      <Filter>Core\Shaders\Temporal</Filter>
    </None>
    <None Include="Core\Shaders\SSAORS.hlsli">
      <Filter>Core\Shaders\SSAO</Filter>
    </None>
    <None Include="Core\Shaders\PostEffectsRS.hlsli">
      <Filter>Core\Shaders\HDR</Filter>
    </None>
    <None Include="Core\Shaders\ParticleRS.hlsli">
      <Filter>Core\Shaders\Particles</Filter>
    </None>
    <None Include="Core\Shaders\ParticleUtility.hlsli">
      <Filter>Core\Shaders\Particles</Filter>
    </None>
    <None Include="Core\Shaders\ParticleUpdateCommon.hlsli">
      <Filter>Core\Shaders\Particles</Filter>
    </None>
    <None Include="Shaders\PBRUtility.hlsli">
      <Filter>Shaders</Filter>
    </None>
    <None Include="Shaders\ColorUtility.hlsli">
      <Filter>Shaders</Filter>
    </None>
    <None Include="Core\Shaders\SkyboxRS.hlsli">
      <Filter>Core\Shaders\Skybox</Filter>
    </None>
    <None Include="CommonCompute\PreComputing.hlsli">
      <Filter>CommonCompute\Shaders</Filter>
    </None>
    <None Include="Shaders\glTFCommonRS.hlsli">
      <Filter>Shaders</Filter>
    </None>
    <None Include="Shaders\AiCommonRS.hlsli">
      <Filter>Shaders</Filter>
    </None>
    <None Include="Shaders\ModelViewerRS.hlsli">
      <Filter>Shaders\Prev</Filter>
    </None>
  </ItemGroup>
  <ItemGroup>
    <FxCompile Include="Core\Shaders\TextVS.hlsl">
      <Filter>Core\Shaders\Text</Filter>
    </FxCompile>
    <FxCompile Include="Core\Shaders\TextAntialiasingPS.hlsl">
      <Filter>Core\Shaders\Text</Filter>
    </FxCompile>
    <FxCompile Include="Core\Shaders\TextShadowPS.hlsl">
      <Filter>Core\Shaders\Text</Filter>
    </FxCompile>
    <FxCompile Include="Core\Shaders\BicubicHorizontalUpsamplePS.hlsl">
      <Filter>Core\Shaders\Present</Filter>
    </FxCompile>
    <FxCompile Include="Core\Shaders\BicubicVerticalUpsamplePS.hlsl">
      <Filter>Core\Shaders\Present</Filter>
    </FxCompile>
    <FxCompile Include="Core\Shaders\BilinearUpsamplePS.hlsl">
      <Filter>Core\Shaders\Present</Filter>
    </FxCompile>
    <FxCompile Include="Core\Shaders\BufferCopyPS.hlsl">
      <Filter>Core\Shaders\Present</Filter>
    </FxCompile>
    <FxCompile Include="Core\Shaders\MagnifyPixelsPS.hlsl">
      <Filter>Core\Shaders\Present</Filter>
    </FxCompile>
    <FxCompile Include="Core\Shaders\PresentHDRPS.hlsl">
      <Filter>Core\Shaders\Present</Filter>
    </FxCompile>
    <FxCompile Include="Core\Shaders\PresentSDRPS.hlsl">
      <Filter>Core\Shaders\Present</Filter>
    </FxCompile>
    <FxCompile Include="Core\Shaders\SharpeningUpsamplePS.hlsl">
      <Filter>Core\Shaders\Present</Filter>
    </FxCompile>
    <FxCompile Include="Core\Shaders\ScreenQuadVS.hlsl">
      <Filter>Core\Shaders\Misc</Filter>
    </FxCompile>
    <FxCompile Include="Shaders\BasicTrianglePS.hlsl">
      <Filter>Shaders</Filter>
    </FxCompile>
    <FxCompile Include="Shaders\BasicTriangleVS.hlsl">
      <Filter>Shaders</Filter>
    </FxCompile>
    <FxCompile Include="Shaders\FillLightGridCS_8.hlsl">
      <Filter>Shaders</Filter>
    </FxCompile>
    <FxCompile Include="Shaders\FillLightGridCS_16.hlsl">
      <Filter>Shaders</Filter>
    </FxCompile>
    <FxCompile Include="Shaders\FillLightGridCS_24.hlsl">
      <Filter>Shaders</Filter>
    </FxCompile>
    <FxCompile Include="Shaders\FillLightGridCS_32.hlsl">
      <Filter>Shaders</Filter>
    </FxCompile>
    <FxCompile Include="Core\Shaders\BoundNeighborhoodCS.hlsl">
      <Filter>Core\Shaders\Temporal</Filter>
    </FxCompile>
    <FxCompile Include="Core\Shaders\ResolveTAACS.hlsl">
      <Filter>Core\Shaders\Temporal</Filter>
    </FxCompile>
    <FxCompile Include="Core\Shaders\SharpenTAACS.hlsl">
      <Filter>Core\Shaders\Temporal</Filter>
    </FxCompile>
    <FxCompile Include="Core\Shaders\TemporalBlendCS.hlsl">
      <Filter>Core\Shaders\Temporal</Filter>
    </FxCompile>
    <FxCompile Include="Core\Shaders\CameraVelocityCS.hlsl">
      <Filter>Core\Shaders\Temporal</Filter>
    </FxCompile>
    <FxCompile Include="Core\Shaders\LinearizeDepthCS.hlsl">
      <Filter>Core\Shaders\SSAO</Filter>
    </FxCompile>
    <FxCompile Include="Core\Shaders\BloomExtractAndDownsampleHdrCS.hlsl">
      <Filter>Core\Shaders\HDR</Filter>
    </FxCompile>
    <FxCompile Include="Core\Shaders\BloomExtractAndDownsampleLdrCS.hlsl">
      <Filter>Core\Shaders\HDR</Filter>
    </FxCompile>
    <FxCompile Include="Core\Shaders\BlurCS.hlsl">
      <Filter>Core\Shaders\HDR</Filter>
    </FxCompile>
    <FxCompile Include="Core\Shaders\DownsampleBloomAllCS.hlsl">
      <Filter>Core\Shaders\HDR</Filter>
    </FxCompile>
    <FxCompile Include="Core\Shaders\DownsampleBloomCS.hlsl">
      <Filter>Core\Shaders\HDR</Filter>
    </FxCompile>
    <FxCompile Include="Core\Shaders\UpsampleAndBlurCS.hlsl">
      <Filter>Core\Shaders\HDR</Filter>
    </FxCompile>
    <FxCompile Include="Core\Shaders\ApplyBloomCS.hlsl">
      <Filter>Core\Shaders\HDR</Filter>
    </FxCompile>
    <FxCompile Include="Core\Shaders\ApplyBloom2CS.hlsl">
      <Filter>Core\Shaders\HDR</Filter>
    </FxCompile>
    <FxCompile Include="Core\Shaders\CopyBackPostBufferCS.hlsl">
      <Filter>Core\Shaders\HDR</Filter>
    </FxCompile>
    <FxCompile Include="Core\Shaders\ExtractLumaCS.hlsl">
      <Filter>Core\Shaders\HDR</Filter>
    </FxCompile>
    <FxCompile Include="Core\Shaders\ToneMapCS.hlsl">
      <Filter>Core\Shaders\HDR</Filter>
    </FxCompile>
    <FxCompile Include="Core\Shaders\ToneMap2CS.hlsl">
      <Filter>Core\Shaders\HDR</Filter>
    </FxCompile>
    <FxCompile Include="Core\Shaders\ToneMapHDRCS.hlsl">
      <Filter>Core\Shaders\HDR</Filter>
    </FxCompile>
    <FxCompile Include="Core\Shaders\ToneMapHDR2CS.hlsl">
      <Filter>Core\Shaders\HDR</Filter>
    </FxCompile>
    <FxCompile Include="Core\Shaders\GenerateHistogramCS.hlsl">
      <Filter>Core\Shaders\HDR</Filter>
    </FxCompile>
    <FxCompile Include="Core\Shaders\AdaptExposureCS.hlsl">
      <Filter>Core\Shaders\HDR</Filter>
    </FxCompile>
    <FxCompile Include="Core\Shaders\ParticleSpawnCS.hlsl">
      <Filter>Core\Shaders\Particles</Filter>
    </FxCompile>
    <FxCompile Include="Core\Shaders\ParticleUpdateCS.hlsl">
      <Filter>Core\Shaders\Particles</Filter>
    </FxCompile>
    <FxCompile Include="Core\Shaders\ParticleDispatchIndirectArgsCS.hlsl">
      <Filter>Core\Shaders\Particles</Filter>
    </FxCompile>
    <FxCompile Include="Core\Shaders\ParticleFinalDispatchIndirectArgsCS.hlsl">
      <Filter>Core\Shaders\Particles</Filter>
    </FxCompile>
    <FxCompile Include="Core\Shaders\ParticleVS.hlsl">
      <Filter>Core\Shaders\Particles</Filter>
    </FxCompile>
    <FxCompile Include="Core\Shaders\ParticlePS.hlsl">
      <Filter>Core\Shaders\Particles</Filter>
    </FxCompile>
    <FxCompile Include="Core\Shaders\ParticleNoSortVS.hlsl">
      <Filter>Core\Shaders\Particles</Filter>
    </FxCompile>
    <FxCompile Include="Core\Shaders\SkyboxPS.hlsl">
      <Filter>Core\Shaders\Skybox</Filter>
    </FxCompile>
    <FxCompile Include="Core\Shaders\SkyboxVS.hlsl">
      <Filter>Core\Shaders\Skybox</Filter>
    </FxCompile>
    <FxCompile Include="CommonCompute\CubemapIBL.hlsl">
      <Filter>CommonCompute\Shaders</Filter>
    </FxCompile>
    <FxCompile Include="CommonCompute\CubemapSH.hlsl">
      <Filter>CommonCompute\Shaders</Filter>
    </FxCompile>
    <FxCompile Include="Shaders\glTFCommonPS.hlsl">
      <Filter>Shaders</Filter>
    </FxCompile>
    <FxCompile Include="Shaders\glTFCommonVS.hlsl">
      <Filter>Shaders</Filter>
    </FxCompile>
    <FxCompile Include="Shaders\AiCommonVS.hlsl">
      <Filter>Shaders</Filter>
    </FxCompile>
    <FxCompile Include="Shaders\AiCommonPS.hlsl">
      <Filter>Shaders</Filter>
    </FxCompile>
    <FxCompile Include="Shaders\ModelViewerVS.hlsl">
      <Filter>Shaders\Prev</Filter>
    </FxCompile>
    <FxCompile Include="Shaders\ModelViewerPS.hlsl">
      <Filter>Shaders\Prev</Filter>
    </FxCompile>
    <FxCompile Include="Shaders\DepthViewerPS.hlsl">
      <Filter>Shaders\Prev</Filter>
    </FxCompile>
    <FxCompile Include="Shaders\DepthViewerVS.hlsl">
      <Filter>Shaders\Prev</Filter>
    </FxCompile>
    <FxCompile Include="Shaders\WireframeVS.hlsl">
      <Filter>Shaders</Filter>
    </FxCompile>
    <FxCompile Include="Shaders\WireframePS.hlsl">
      <Filter>Shaders</Filter>
    </FxCompile>
    <FxCompile Include="Shaders\DepthOnlyVS.hlsl">
      <Filter>Shaders</Filter>
    </FxCompile>
    <FxCompile Include="Shaders\DepthOnlyPS.hlsl">
      <Filter>Shaders</Filter>
    </FxCompile>
    <FxCompile Include="Shaders\DepthOnlyClipPS.hlsl">
      <Filter>Shaders</Filter>
    </FxCompile>
  </ItemGroup>
  <ItemGroup>
    <ResourceCompile Include="MyMiniEngine.rc">
      <Filter>资源文件</Filter>
    </ResourceCompile>
  </ItemGroup>
  <ItemGroup>
    <Image Include="hinata.ico">
      <Filter>资源文件</Filter>
    </Image>
  </ItemGroup>
</Project>