<?xml version="1.0" encoding="utf-8"?>
<Project ToolsVersion="4.0" xmlns="http://schemas.microsoft.com/developer/msbuild/2003">
  <ItemGroup>
    <Filter Include="资源文件">
      <UniqueIdentifier>{67DA6AB6-F800-4c08-8B7A-83BB121AAD01}</UniqueIdentifier>
      <Extensions>rc;ico;cur;bmp;dlg;rc2;rct;bin;rgs;gif;jpg;jpeg;jpe;resx;tiff;tif;png;wav;mfcribbon-ms</Extensions>
    </Filter>
    <Filter Include="Common">
      <UniqueIdentifier>{7c14a1d5-7828-4345-abeb-1ef5f53a1979}</UniqueIdentifier>
    </Filter>
    <Filter Include="Core">
      <UniqueIdentifier>{5ffe3d26-f1a8-49df-b3ed-a38a9afc6621}</UniqueIdentifier>
    </Filter>
    <Filter Include="Core\Math">
      <UniqueIdentifier>{bd48d843-4e41-42dc-a95f-76d23a2d8a73}</UniqueIdentifier>
    </Filter>
    <Filter Include="Source Files">
      <UniqueIdentifier>{d8d3bc0d-091b-421a-8961-7c5326c69f55}</UniqueIdentifier>
    </Filter>
    <Filter Include="Game">
      <UniqueIdentifier>{38c6d91a-289a-4262-aa34-088cf2b6c9ad}</UniqueIdentifier>
    </Filter>
    <Filter Include="Core\Shaders">
      <UniqueIdentifier>{14bf1bea-b8d0-43dc-bdfc-b0510ad49667}</UniqueIdentifier>
    </Filter>
    <Filter Include="Core\Shaders\Present">
      <UniqueIdentifier>{17b109af-d976-48b7-9ed5-64ebe56c249a}</UniqueIdentifier>
    </Filter>
    <Filter Include="Core\Shaders\Text">
      <UniqueIdentifier>{5d66ddcb-939c-41ed-9f5f-75f74cda1512}</UniqueIdentifier>
    </Filter>
    <Filter Include="Core\Shaders\Misc">
      <UniqueIdentifier>{0954de53-da4b-43eb-8d78-149f91f3a25a}</UniqueIdentifier>
    </Filter>
    <Filter Include="Shaders">
      <UniqueIdentifier>{96c2deb8-e87b-47ae-933f-3fa71f64759e}</UniqueIdentifier>
    </Filter>
    <Filter Include="Effects">
      <UniqueIdentifier>{26433081-57a6-496b-9791-66e6b2cd5c29}</UniqueIdentifier>
    </Filter>
    <Filter Include="Core\Shaders\Temporal">
      <UniqueIdentifier>{18fd7bf6-0e83-4fbf-b17a-81fe7fb22b64}</UniqueIdentifier>
    </Filter>
    <Filter Include="Core\Shaders\SSAO">
      <UniqueIdentifier>{69b8c5a9-7577-4b60-8b8e-566068d42646}</UniqueIdentifier>
    </Filter>
    <Filter Include="Core\Shaders\HDR">
      <UniqueIdentifier>{569d706e-2461-4245-ac2f-b21c6e7579f7}</UniqueIdentifier>
    </Filter>
    <Filter Include="Effects\ParticleEffects">
      <UniqueIdentifier>{091bf550-1a15-4b9b-a89a-479421cfebd0}</UniqueIdentifier>
    </Filter>
    <Filter Include="Core\Shaders\Particles">
      <UniqueIdentifier>{ace5de86-c985-4b2c-a3c9-aef1b8abea1a}</UniqueIdentifier>
    </Filter>
    <Filter Include="Core\Shaders\Skybox">
      <UniqueIdentifier>{98d493e1-e013-4c27-a59a-202dd84d86e2}</UniqueIdentifier>
    </Filter>
    <Filter Include="CommonCompute">
      <UniqueIdentifier>{201cf622-390d-4df0-ac22-2cba3fd73a05}</UniqueIdentifier>
    </Filter>
    <Filter Include="CommonCompute\Shaders">
      <UniqueIdentifier>{195b8209-2503-400e-a10f-e5c2d7ee0726}</UniqueIdentifier>
    </Filter>
    <Filter Include="Scenes">
      <UniqueIdentifier>{85ce3536-9d60-4434-b3fa-ec467ab671ef}</UniqueIdentifier>
    </Filter>
    <Filter Include="Shaders\IndirectRendering">
      <UniqueIdentifier>{f3ce94c3-d5e1-42e7-9b89-cb0aa6953880}</UniqueIdentifier>
    </Filter>
    <Filter Include="Shaders\FillLightGrid">
      <UniqueIdentifier>{2820f315-1681-4c8f-8943-3b940f09307b}</UniqueIdentifier>
    </Filter>
    <Filter Include="Shaders\Defines">
      <UniqueIdentifier>{63902f74-3bc6-4188-8943-190e24b6fbd7}</UniqueIdentifier>
    </Filter>
    <Filter Include="Shaders\Utility">
      <UniqueIdentifier>{64162e79-baff-4b68-99de-ac1fce0edf1c}</UniqueIdentifier>
    </Filter>
    <Filter Include="Shaders\Common">
      <UniqueIdentifier>{2bad0dd8-7e16-47cf-b9a7-1f3867c1ac60}</UniqueIdentifier>
    </Filter>
    <Filter Include="Core\Shaders\GenerateMips">
      <UniqueIdentifier>{73fb146b-cfe7-4387-860d-b13289d42956}</UniqueIdentifier>
    </Filter>
    <Filter Include="Shaders\Voxelization">
      <UniqueIdentifier>{33b92a70-1dd3-4947-a0d0-c19e2c0f0b11}</UniqueIdentifier>
    </Filter>
    <Filter Include="Shaders\WaterWave">
      <UniqueIdentifier>{b284a5b4-6d05-4ae1-ab74-736939cc9dfa}</UniqueIdentifier>
    </Filter>
    <Filter Include="Shaders\Misc">
      <UniqueIdentifier>{4f390f97-b945-46aa-8185-072149613648}</UniqueIdentifier>
    </Filter>
    <Filter Include="Core\RayTracing">
      <UniqueIdentifier>{925e32d8-c17f-4109-ad14-ae3057b1deb2}</UniqueIdentifier>
    </Filter>
    <Filter Include="Shaders\ModelViewer">
      <UniqueIdentifier>{c4d8c02b-5128-4690-9336-85baf6c97a4c}</UniqueIdentifier>
    </Filter>
    <Filter Include="Shaders\ModelViewer\Raytracing">
      <UniqueIdentifier>{f6fe4c37-b77e-453d-9888-920b18558b91}</UniqueIdentifier>
    </Filter>
    <Filter Include="Shaders\Denoising">
      <UniqueIdentifier>{b08c29ca-9fe4-4284-be88-8eb04d2fadbb}</UniqueIdentifier>
    </Filter>
    <Filter Include="Shaders\GI">
      <UniqueIdentifier>{7082af8a-97f9-49db-a727-b2d26baa2a4e}</UniqueIdentifier>
    </Filter>
    <Filter Include="Shaders\VisibilityBuffer">
      <UniqueIdentifier>{8e1aee44-3798-4a00-83f1-4a4c309a122d}</UniqueIdentifier>
    </Filter>
  </ItemGroup>
  <ItemGroup>
    <ClInclude Include="Core\GpuResource.h">
      <Filter>Core</Filter>
    </ClInclude>
    <ClInclude Include="Common\d3dx12.h">
      <Filter>Common</Filter>
    </ClInclude>
    <ClInclude Include="Common\DeviceResources.h">
      <Filter>Common</Filter>
    </ClInclude>
    <ClInclude Include="Common\GameTimer.h">
      <Filter>Common</Filter>
    </ClInclude>
    <ClInclude Include="Common\MyApp.h">
      <Filter>Common</Filter>
    </ClInclude>
    <ClInclude Include="Common\MyBaseApp.h">
      <Filter>Common</Filter>
    </ClInclude>
    <ClInclude Include="Common\MyBasicGeometry.h">
      <Filter>Common</Filter>
    </ClInclude>
    <ClInclude Include="Common\MyCamera.h">
      <Filter>Common</Filter>
    </ClInclude>
    <ClInclude Include="Common\MyLight.h">
      <Filter>Common</Filter>
    </ClInclude>
    <ClInclude Include="Common\MyUtils.h">
      <Filter>Common</Filter>
    </ClInclude>
    <ClInclude Include="Common\MyWindow.h">
      <Filter>Common</Filter>
    </ClInclude>
    <ClInclude Include="Common\pch.h">
      <Filter>Common</Filter>
    </ClInclude>
    <ClInclude Include="Core\GpuBuffer.h">
      <Filter>Core</Filter>
    </ClInclude>
    <ClInclude Include="Core\Math\BoundingPlane.h">
      <Filter>Core\Math</Filter>
    </ClInclude>
    <ClInclude Include="Core\Math\BoundingSphere.h">
      <Filter>Core\Math</Filter>
    </ClInclude>
    <ClInclude Include="Core\Math\Common.h">
      <Filter>Core\Math</Filter>
    </ClInclude>
    <ClInclude Include="Core\Math\Frustum.h">
      <Filter>Core\Math</Filter>
    </ClInclude>
    <ClInclude Include="Core\Math\Matrix3.h">
      <Filter>Core\Math</Filter>
    </ClInclude>
    <ClInclude Include="Core\Math\Matrix4.h">
      <Filter>Core\Math</Filter>
    </ClInclude>
    <ClInclude Include="Core\Math\Quaternion.h">
      <Filter>Core\Math</Filter>
    </ClInclude>
    <ClInclude Include="Core\Math\Random.h">
      <Filter>Core\Math</Filter>
    </ClInclude>
    <ClInclude Include="Core\Math\Scalar.h">
      <Filter>Core\Math</Filter>
    </ClInclude>
    <ClInclude Include="Core\Math\Transform.h">
      <Filter>Core\Math</Filter>
    </ClInclude>
    <ClInclude Include="Core\Math\Vector.h">
      <Filter>Core\Math</Filter>
    </ClInclude>
    <ClInclude Include="Core\VectorMath.h">
      <Filter>Core</Filter>
    </ClInclude>
    <ClInclude Include="Core\Camera.h">
      <Filter>Core</Filter>
    </ClInclude>
    <ClInclude Include="Core\Hash.h">
      <Filter>Core</Filter>
    </ClInclude>
    <ClInclude Include="Core\RootSignature.h">
      <Filter>Core</Filter>
    </ClInclude>
    <ClInclude Include="Core\PipelineState.h">
      <Filter>Core</Filter>
    </ClInclude>
    <ClInclude Include="Core\DynamicUploadBuffer.h">
      <Filter>Core</Filter>
    </ClInclude>
    <ClInclude Include="Core\CommandSignature.h">
      <Filter>Core</Filter>
    </ClInclude>
    <ClInclude Include="Core\CommandAllocatorPool.h">
      <Filter>Core</Filter>
    </ClInclude>
    <ClInclude Include="Core\CommandListManager.h">
      <Filter>Core</Filter>
    </ClInclude>
    <ClInclude Include="Core\Graphics.h">
      <Filter>Core</Filter>
    </ClInclude>
    <ClInclude Include="Core\Color.h">
      <Filter>Core</Filter>
    </ClInclude>
    <ClInclude Include="Core\DescriptorHeap.h">
      <Filter>Core</Filter>
    </ClInclude>
    <ClInclude Include="Core\PixelBuffer.h">
      <Filter>Core</Filter>
    </ClInclude>
    <ClInclude Include="Core\ColorBuffer.h">
      <Filter>Core</Filter>
    </ClInclude>
    <ClInclude Include="Core\DepthBuffer.h">
      <Filter>Core</Filter>
    </ClInclude>
    <ClInclude Include="Core\CommandContext.h">
      <Filter>Core</Filter>
    </ClInclude>
    <ClInclude Include="Core\DynamicDescriptorHeap.h">
      <Filter>Core</Filter>
    </ClInclude>
    <ClInclude Include="Game\IGameApp.h">
      <Filter>Game</Filter>
    </ClInclude>
    <ClInclude Include="Core\GfxCommon.h">
      <Filter>Core</Filter>
    </ClInclude>
    <ClInclude Include="Core\SamplerManager.h">
      <Filter>Core</Filter>
    </ClInclude>
    <ClInclude Include="Game\Model.h">
      <Filter>Game</Filter>
    </ClInclude>
    <ClInclude Include="Core\DDSTextureLoader.h">
      <Filter>Core</Filter>
    </ClInclude>
    <ClInclude Include="Core\dds.h">
      <Filter>Core</Filter>
    </ClInclude>
    <ClInclude Include="Utilities\FileUtility.h">
      <Filter>Game</Filter>
    </ClInclude>
    <ClInclude Include="Core\TextureManager.h">
      <Filter>Core</Filter>
    </ClInclude>
    <ClInclude Include="Core\TextRenderer.h">
      <Filter>Core</Filter>
    </ClInclude>
    <ClInclude Include="Game\ModelViewer.h">
      <Filter>Game</Filter>
    </ClInclude>
    <ClInclude Include="Core\stb_image.h">
      <Filter>Core</Filter>
    </ClInclude>
    <ClInclude Include="Effects\ForwardPlusLighting.h">
      <Filter>Effects</Filter>
    </ClInclude>
    <ClInclude Include="Game\GameInput.h">
      <Filter>Game</Filter>
    </ClInclude>
    <ClInclude Include="Game\CameraController.h">
      <Filter>Game</Filter>
    </ClInclude>
    <ClInclude Include="Core\ShadowBuffer.h">
      <Filter>Core</Filter>
    </ClInclude>
    <ClInclude Include="Core\ShadowCamera.h">
      <Filter>Core</Filter>
    </ClInclude>
    <ClInclude Include="Effects\TemporalAA.h">
      <Filter>Effects</Filter>
    </ClInclude>
    <ClInclude Include="Effects\MotionBlur.h">
      <Filter>Core</Filter>
    </ClInclude>
    <ClInclude Include="Core\Effects.h">
      <Filter>Core</Filter>
    </ClInclude>
    <ClInclude Include="Core\PostEffects.h">
      <Filter>Core</Filter>
    </ClInclude>
    <ClInclude Include="Effects\ParticleShaderStructs.h">
      <Filter>Effects\ParticleEffects</Filter>
    </ClInclude>
    <ClInclude Include="Effects\ParticleEffectProperties.h">
      <Filter>Effects\ParticleEffects</Filter>
    </ClInclude>
    <ClInclude Include="Effects\ParticleEffect.h">
      <Filter>Effects\ParticleEffects</Filter>
    </ClInclude>
    <ClInclude Include="Effects\ParticleEffectManager.h">
      <Filter>Effects\ParticleEffects</Filter>
    </ClInclude>
    <ClInclude Include="Game\glTFCommon.h">
      <Filter>Game</Filter>
    </ClInclude>
    <ClInclude Include="Game\glTFImporter.h">
      <Filter>Game</Filter>
    </ClInclude>
    <ClInclude Include="Game\glTFViewer.h">
      <Filter>Game</Filter>
    </ClInclude>
    <ClInclude Include="Core\Skybox.h">
      <Filter>Core</Filter>
    </ClInclude>
    <ClInclude Include="CommonCompute\CommonCompute.h">
      <Filter>CommonCompute</Filter>
    </ClInclude>
    <ClInclude Include="Core\stb_image_write.h">
      <Filter>Core</Filter>
    </ClInclude>
    <ClInclude Include="Core\IComputingApp.h">
      <Filter>CommonCompute</Filter>
    </ClInclude>
    <ClInclude Include="CommonCompute\SHBasics.h">
      <Filter>CommonCompute</Filter>
    </ClInclude>
    <ClInclude Include="Game\CubemapIBLApp.h">
      <Filter>CommonCompute</Filter>
    </ClInclude>
    <ClInclude Include="Core\ReadbackBuffer.h">
      <Filter>Core</Filter>
    </ClInclude>
    <ClInclude Include="Core\Math\GLMath.h">
      <Filter>Core\Math</Filter>
    </ClInclude>
    <ClInclude Include="Scenes\VertexLayout.h">
      <Filter>Scenes</Filter>
    </ClInclude>
    <ClInclude Include="Scenes\MaterialDefines.h">
      <Filter>Scenes</Filter>
    </ClInclude>
    <ClInclude Include="Scenes\Material.h">
      <Filter>Scenes</Filter>
    </ClInclude>
    <ClInclude Include="Scenes\Scene.h">
      <Filter>Scenes</Filter>
    </ClInclude>
    <ClInclude Include="Scenes\AssimpImporter.h">
      <Filter>Scenes</Filter>
    </ClInclude>
    <ClInclude Include="Scenes\SceneDefines.h">
      <Filter>Scenes</Filter>
    </ClInclude>
    <ClInclude Include="Scenes\LightDefines.h">
      <Filter>Scenes</Filter>
    </ClInclude>
    <ClInclude Include="Game\SceneViewer.h">
      <Filter>Game</Filter>
    </ClInclude>
    <ClInclude Include="Shaders\MathConstants.h">
      <Filter>Shaders\Defines</Filter>
    </ClInclude>
    <ClInclude Include="Shaders\HlslDefines.h">
      <Filter>Shaders\Defines</Filter>
    </ClInclude>
    <ClInclude Include="Game\BindlessDeferred.h">
      <Filter>Scenes</Filter>
    </ClInclude>
    <ClInclude Include="Game\ClusteredLighting.h">
      <Filter>Scenes</Filter>
    </ClInclude>
    <ClInclude Include="Utilities\ShadowUtility.h">
      <Filter>Scenes</Filter>
    </ClInclude>
    <ClInclude Include="Scenes\DebugPass.h">
      <Filter>Scenes</Filter>
    </ClInclude>
    <ClInclude Include="Game\OceanViewer.h">
      <Filter>Game</Filter>
    </ClInclude>
    <ClInclude Include="Game\VoronoiTextureGenerator.h">
      <Filter>Game</Filter>
    </ClInclude>
    <ClInclude Include="Core\UploadBuffer.h">
      <Filter>Core</Filter>
    </ClInclude>
    <ClInclude Include="Game\Texture3D.h">
      <Filter>Core</Filter>
    </ClInclude>
    <ClInclude Include="Core\RayTracing\RayTracingHlslCompat.h">
      <Filter>Core\RayTracing</Filter>
    </ClInclude>
    <ClInclude Include="Core\HlslCompat.h">
      <Filter>Core</Filter>
    </ClInclude>
    <ClInclude Include="Game\ModelViewerRaytracing.h">
      <Filter>Game</Filter>
    </ClInclude>
    <ClInclude Include="Game\Voxelization.h">
      <Filter>Game</Filter>
    </ClInclude>
    <ClInclude Include="Game\BVHApp.h">
      <Filter>Game</Filter>
    </ClInclude>
    <ClInclude Include="Game\Accelerations.h">
      <Filter>Game</Filter>
    </ClInclude>
    <ClInclude Include="Core\ProfilingScope.h">
      <Filter>Core</Filter>
    </ClInclude>
    <ClInclude Include="Game\ReservoirSampling.h">
      <Filter>Game</Filter>
    </ClInclude>
    <ClInclude Include="Effects\TemporalEffects.h">
      <Filter>Effects</Filter>
    </ClInclude>
    <ClInclude Include="Effects\Denoiser.h">
      <Filter>Effects</Filter>
    </ClInclude>
    <ClInclude Include="Game\UniformBuffers.h">
      <Filter>Game</Filter>
    </ClInclude>
    <ClInclude Include="Effects\ReSTIRGI.h">
      <Filter>Effects</Filter>
    </ClInclude>
    <ClInclude Include="Game\FrameDescriptorHeap.h">
      <Filter>Game</Filter>
    </ClInclude>
    <ClInclude Include="Core\LinearAllocator.h">
      <Filter>Core</Filter>
    </ClInclude>
    <ClInclude Include="Core\Utility.h" />
    <ClInclude Include="Core\mtqueue.h">
      <Filter>Core</Filter>
    </ClInclude>
    <ClInclude Include="Core\Task.h">
      <Filter>Core</Filter>
    </ClInclude>
    <ClInclude Include="Shaders\Common\DynDescRS.hlsli">
      <Filter>Shaders\Common</Filter>
    </ClInclude>
    <ClInclude Include="Game\MSAAFilter.h">
      <Filter>Shaders\Misc</Filter>
    </ClInclude>
    <ClInclude Include="Utilities\GameUtility.h">
      <Filter>Game</Filter>
    </ClInclude>
  </ItemGroup>
  <ItemGroup>
    <ClCompile Include="Common\DeviceResources.cpp">
      <Filter>Common</Filter>
    </ClCompile>
    <ClCompile Include="Common\GameTimer.cpp">
      <Filter>Common</Filter>
    </ClCompile>
    <ClCompile Include="Common\MyApp.cpp">
      <Filter>Common</Filter>
    </ClCompile>
    <ClCompile Include="Common\MyBaseApp.cpp">
      <Filter>Common</Filter>
    </ClCompile>
    <ClCompile Include="Common\MyBasicGeometry.cpp">
      <Filter>Common</Filter>
    </ClCompile>
    <ClCompile Include="Common\MyCamera.cpp">
      <Filter>Common</Filter>
    </ClCompile>
    <ClCompile Include="Common\MyLight.cpp">
      <Filter>Common</Filter>
    </ClCompile>
    <ClCompile Include="Common\MyUtils.cpp">
      <Filter>Common</Filter>
    </ClCompile>
    <ClCompile Include="Common\MyWindow.cpp">
      <Filter>Common</Filter>
    </ClCompile>
    <ClCompile Include="Core\GpuBuffer.cpp">
      <Filter>Core</Filter>
    </ClCompile>
    <ClCompile Include="Core\Utility.cpp">
      <Filter>Core</Filter>
    </ClCompile>
    <ClCompile Include="Core\Math\Frustum.cpp">
      <Filter>Core\Math</Filter>
    </ClCompile>
    <ClCompile Include="Core\Math\Random.cpp">
      <Filter>Core\Math</Filter>
    </ClCompile>
    <ClCompile Include="Core\Camera.cpp">
      <Filter>Core</Filter>
    </ClCompile>
    <ClCompile Include="WinMain.cpp">
      <Filter>Source Files</Filter>
    </ClCompile>
    <ClCompile Include="Core\RootSignature.cpp">
      <Filter>Core</Filter>
    </ClCompile>
    <ClCompile Include="Core\PipelineState.cpp">
      <Filter>Core</Filter>
    </ClCompile>
    <ClCompile Include="Core\DynamicUploadBuffer.cpp">
      <Filter>Core</Filter>
    </ClCompile>
    <ClCompile Include="Core\CommandSignature.cpp">
      <Filter>Core</Filter>
    </ClCompile>
    <ClCompile Include="Core\CommandAllocatorPool.cpp">
      <Filter>Core</Filter>
    </ClCompile>
    <ClCompile Include="Core\CommandListManager.cpp">
      <Filter>Core</Filter>
    </ClCompile>
    <ClCompile Include="Core\Graphics.cpp">
      <Filter>Core</Filter>
    </ClCompile>
    <ClCompile Include="Core\Color.cpp">
      <Filter>Core</Filter>
    </ClCompile>
    <ClCompile Include="Core\DescriptorHeap.cpp">
      <Filter>Core</Filter>
    </ClCompile>
    <ClCompile Include="Core\LinearAllocator.cpp">
      <Filter>Core</Filter>
    </ClCompile>
    <ClCompile Include="Core\PixelBuffer.cpp">
      <Filter>Core</Filter>
    </ClCompile>
    <ClCompile Include="Core\ColorBuffer.cpp">
      <Filter>Core</Filter>
    </ClCompile>
    <ClCompile Include="Core\DepthBuffer.cpp">
      <Filter>Core</Filter>
    </ClCompile>
    <ClCompile Include="Core\CommandContext.cpp">
      <Filter>Core</Filter>
    </ClCompile>
    <ClCompile Include="Core\DynamicDescriptorHeap.cpp">
      <Filter>Core</Filter>
    </ClCompile>
    <ClCompile Include="Game\IGameApp.cpp">
      <Filter>Game</Filter>
    </ClCompile>
    <ClCompile Include="Core\GfxCommon.cpp">
      <Filter>Core</Filter>
    </ClCompile>
    <ClCompile Include="Core\SamplerManager.cpp">
      <Filter>Core</Filter>
    </ClCompile>
    <ClCompile Include="Game\Model.cpp">
      <Filter>Game</Filter>
    </ClCompile>
    <ClCompile Include="Core\DDSTextureLoader.cpp">
      <Filter>Core</Filter>
    </ClCompile>
    <ClCompile Include="Utilities\FileUtility.cpp">
      <Filter>Game</Filter>
    </ClCompile>
    <ClCompile Include="Core\TextureManager.cpp">
      <Filter>Core</Filter>
    </ClCompile>
    <ClCompile Include="Core\TextRenderer.cpp">
      <Filter>Core</Filter>
    </ClCompile>
    <ClCompile Include="Game\ModelViewer.cpp">
      <Filter>Game</Filter>
    </ClCompile>
    <ClCompile Include="Effects\ForwardPlusLighting.cpp">
      <Filter>Effects</Filter>
    </ClCompile>
    <ClCompile Include="Game\GameInput.cpp">
      <Filter>Game</Filter>
    </ClCompile>
    <ClCompile Include="Game\CameraController.cpp">
      <Filter>Game</Filter>
    </ClCompile>
    <ClCompile Include="Core\ShadowBuffer.cpp">
      <Filter>Core</Filter>
    </ClCompile>
    <ClCompile Include="Core\ShadowCamera.cpp">
      <Filter>Core</Filter>
    </ClCompile>
    <ClCompile Include="Effects\TemporalAA.cpp">
      <Filter>Effects</Filter>
    </ClCompile>
    <ClCompile Include="Effects\MotionBlur.cpp">
      <Filter>Core</Filter>
    </ClCompile>
    <ClCompile Include="Core\Effects.cpp">
      <Filter>Core</Filter>
    </ClCompile>
    <ClCompile Include="Core\PostEffects.cpp">
      <Filter>Core</Filter>
    </ClCompile>
    <ClCompile Include="Effects\ParticleShaderStructs.cpp">
      <Filter>Effects\ParticleEffects</Filter>
    </ClCompile>
    <ClCompile Include="Effects\ParticleEffect.cpp">
      <Filter>Effects\ParticleEffects</Filter>
    </ClCompile>
    <ClCompile Include="Effects\ParticleEffectManager.cpp">
      <Filter>Effects\ParticleEffects</Filter>
    </ClCompile>
    <ClCompile Include="Game\glTFCommon.cpp">
      <Filter>Game</Filter>
    </ClCompile>
    <ClCompile Include="Game\glTFImporter.cpp">
      <Filter>Game</Filter>
    </ClCompile>
    <ClCompile Include="Game\glTFViewer.cpp">
      <Filter>Game</Filter>
    </ClCompile>
    <ClCompile Include="Core\Skybox.cpp">
      <Filter>Core</Filter>
    </ClCompile>
    <ClCompile Include="CommonCompute\CommonCompute.cpp">
      <Filter>CommonCompute</Filter>
    </ClCompile>
    <ClCompile Include="CommonCompute\SHBasics.cpp">
      <Filter>CommonCompute</Filter>
    </ClCompile>
    <ClCompile Include="Game\CubemapIBLApp.cpp">
      <Filter>CommonCompute</Filter>
    </ClCompile>
    <ClCompile Include="Core\ReadbackBuffer.cpp">
      <Filter>Core</Filter>
    </ClCompile>
    <ClCompile Include="Scenes\Material.cpp">
      <Filter>Scenes</Filter>
    </ClCompile>
    <ClCompile Include="Scenes\Scene.cpp">
      <Filter>Scenes</Filter>
    </ClCompile>
    <ClCompile Include="Scenes\AssimpImporter.cpp">
      <Filter>Scenes</Filter>
    </ClCompile>
    <ClCompile Include="Game\SceneViewer.cpp">
      <Filter>Game</Filter>
    </ClCompile>
    <ClCompile Include="Game\BindlessDeferred.cpp">
      <Filter>Scenes</Filter>
    </ClCompile>
    <ClCompile Include="Game\ClusteredLighting.cpp">
      <Filter>Scenes</Filter>
    </ClCompile>
    <ClCompile Include="Utilities\ShadowUtility.cpp">
      <Filter>Scenes</Filter>
    </ClCompile>
    <ClCompile Include="Game\OceanViewer.cpp">
      <Filter>Game</Filter>
    </ClCompile>
    <ClCompile Include="Game\VoronoiTextureGenerator.cpp">
      <Filter>Game</Filter>
    </ClCompile>
    <ClCompile Include="Scenes\DebugPass.cpp">
      <Filter>Scenes</Filter>
    </ClCompile>
    <ClCompile Include="Core\UploadBuffer.cpp">
      <Filter>Core</Filter>
    </ClCompile>
    <ClCompile Include="Game\Texture3D.cpp">
      <Filter>Core</Filter>
    </ClCompile>
    <ClCompile Include="Game\Voxelization.cpp">
      <Filter>Game</Filter>
    </ClCompile>
    <ClCompile Include="Game\BVHApp.cpp">
      <Filter>Game</Filter>
    </ClCompile>
    <ClCompile Include="Game\Accelerations.cpp">
      <Filter>Game</Filter>
    </ClCompile>
    <ClCompile Include="Core\ProfilingScope.cpp">
      <Filter>Core</Filter>
    </ClCompile>
    <ClCompile Include="Effects\TemporalEffects.cpp">
      <Filter>Effects</Filter>
    </ClCompile>
    <ClCompile Include="Effects\Denoiser.cpp">
      <Filter>Effects</Filter>
    </ClCompile>
    <ClCompile Include="Game\UniformBuffers.cpp">
      <Filter>Game</Filter>
    </ClCompile>
    <ClCompile Include="Effects\ReSTIRGI.cpp">
      <Filter>Effects</Filter>
    </ClCompile>
    <ClCompile Include="Game\FrameDescriptorHeap.cpp">
      <Filter>Game</Filter>
    </ClCompile>
    <ClCompile Include="Core\Math\BoundingSphere.cpp">
      <Filter>Core\Math</Filter>
    </ClCompile>
    <ClCompile Include="Core\Task.cpp">
      <Filter>Core</Filter>
    </ClCompile>
    <ClCompile Include="Game\MSAAFilter.cpp">
      <Filter>Shaders\Misc</Filter>
    </ClCompile>
  </ItemGroup>
  <ItemGroup>
    <None Include="Core\Math\Functions.inl">
      <Filter>Core\Math</Filter>
    </None>
    <None Include="packages.config" />
    <None Include="Core\Shaders\TextRS.hlsli">
      <Filter>Core\Shaders\Text</Filter>
    </None>
    <None Include="Core\Shaders\PresentRS.hlsli">
      <Filter>Core\Shaders\Present</Filter>
    </None>
    <None Include="Core\Shaders\PixelPacking.hlsli">
      <Filter>Core\Shaders\Misc</Filter>
    </None>
    <None Include="Core\Shaders\PixelPacking_R11G11B10.hlsli">
      <Filter>Core\Shaders\Misc</Filter>
    </None>
    <None Include="Core\Shaders\PixelPacking_RGBE.hlsli">
      <Filter>Core\Shaders\Misc</Filter>
    </None>
    <None Include="Core\Shaders\PixelPacking_RGBM.hlsli">
      <Filter>Core\Shaders\Misc</Filter>
    </None>
    <None Include="Core\Shaders\ColorSpaceUtility.hlsli">
      <Filter>Core\Shaders\Misc</Filter>
    </None>
    <None Include="Core\Shaders\ShaderUtility.hlsli">
      <Filter>Core\Shaders\Misc</Filter>
    </None>
    <None Include="Core\Shaders\TemporalRS.hlsli">
      <Filter>Core\Shaders\Temporal</Filter>
    </None>
    <None Include="Core\Shaders\MotionBlurRS.hlsli">
      <Filter>Core\Shaders\Temporal</Filter>
    </None>
    <None Include="Core\Shaders\SSAORS.hlsli">
      <Filter>Core\Shaders\SSAO</Filter>
    </None>
    <None Include="Core\Shaders\PostEffectsRS.hlsli">
      <Filter>Core\Shaders\HDR</Filter>
    </None>
    <None Include="Core\Shaders\ParticleRS.hlsli">
      <Filter>Core\Shaders\Particles</Filter>
    </None>
    <None Include="Core\Shaders\ParticleUtility.hlsli">
      <Filter>Core\Shaders\Particles</Filter>
    </None>
    <None Include="Core\Shaders\ParticleUpdateCommon.hlsli">
      <Filter>Core\Shaders\Particles</Filter>
    </None>
    <None Include="Core\Shaders\SkyboxRS.hlsli">
      <Filter>Core\Shaders\Skybox</Filter>
    </None>
    <None Include="CommonCompute\PreComputing.hlsli">
      <Filter>CommonCompute\Shaders</Filter>
    </None>
    <None Include="Shaders\ModelViewerRS.hlsli">
      <Filter>Shaders\ModelViewer</Filter>
    </None>
    <None Include="Shaders\CommonIndirectRS.hlsli">
      <Filter>Shaders\IndirectRendering</Filter>
    </None>
    <None Include="Shaders\FillLightGridCS.hlsli">
      <Filter>Shaders\FillLightGrid</Filter>
    </None>
    <None Include="Shaders\LightGrid.hlsli">
      <Filter>Shaders\FillLightGrid</Filter>
    </None>
    <None Include="Shaders\LightCluster.hlsli">
      <Filter>Shaders\FillLightGrid</Filter>
    </None>
    <None Include="Shaders\MeshDefines.hlsli">
      <Filter>Shaders\Defines</Filter>
    </None>
    <None Include="Shaders\MaterialDefines.hlsli">
      <Filter>Shaders\Defines</Filter>
    </None>
    <None Include="Shaders\ColorUtility.hlsli">
      <Filter>Shaders\Utility</Filter>
    </None>
    <None Include="Shaders\PBRUtility.hlsli">
      <Filter>Shaders\Utility</Filter>
    </None>
    <None Include="Shaders\AiCommonRS.hlsli">
      <Filter>Shaders\Common</Filter>
    </None>
    <None Include="Shaders\glTFCommonRS.hlsli">
      <Filter>Shaders\Common</Filter>
    </None>
    <None Include="Shaders\BasicLighting.hlsli">
      <Filter>Shaders\Common</Filter>
    </None>
    <None Include="Shaders\IndirectGBufferRS.hlsli">
      <Filter>Shaders\IndirectRendering</Filter>
    </None>
    <None Include="Shaders\Quaternion.hlsli">
      <Filter>Shaders\Utility</Filter>
    </None>
    <None Include="Shaders\CommonCullingRS.hlsli">
      <Filter>Shaders\IndirectRendering</Filter>
    </None>
    <None Include="Shaders\Voxelization\VoxelUtility.hlsli">
      <Filter>Shaders\Utility</Filter>
    </None>
    <None Include="Shaders\Utility.hlsli">
      <Filter>Shaders\Utility</Filter>
    </None>
    <None Include="Shaders\WaterWave\WaterWaveRS.hlsli">
      <Filter>Shaders\WaterWave</Filter>
    </None>
    <None Include="Shaders\WaterWave\FFT.hlsli">
      <Filter>Shaders\WaterWave</Filter>
    </None>
    <None Include="Shaders\Misc\VoronoiRS.hlsli">
      <Filter>Shaders\Misc</Filter>
    </None>
    <None Include="Core\Shaders\CommonRS.hlsli">
      <Filter>Core\Shaders\Misc</Filter>
    </None>
    <None Include="Core\Shaders\ToneMappingUtility.hlsli">
      <Filter>Core\Shaders\HDR</Filter>
    </None>
    <None Include="Core\Shaders\LanczosFunctions.hlsli">
      <Filter>Core\Shaders\Present</Filter>
    </None>
    <None Include="Core\Shaders\BicubicFilterFunctions.hlsli">
      <Filter>Core\Shaders\Present</Filter>
    </None>
    <None Include="Shaders\Raytracing\PathTracingCommon.hlsl">
      <Filter>Shaders\ModelViewer\Raytracing</Filter>
    </None>
    <None Include="Shaders\Raytracing\RayTracingCommon.hlsl">
      <Filter>Shaders\ModelViewer\Raytracing</Filter>
    </None>
    <None Include="Shaders\Raytracing\RayTracingIntersection.hlsl">
      <Filter>Shaders\ModelViewer\Raytracing</Filter>
    </None>
    <None Include="Shaders\Raytracing\ShaderPassPathTracing.hlsl">
      <Filter>Shaders\ModelViewer\Raytracing</Filter>
    </None>
    <None Include="Shaders\Common.hlsl">
      <Filter>Shaders\Common</Filter>
    </None>
    <None Include="Shaders\MonteCarlo.hlsl">
      <Filter>Shaders\Common</Filter>
    </None>
    <None Include="Shaders\BSDF.hlsl">
      <Filter>Shaders\Common</Filter>
    </None>
    <None Include="Shaders\Random.hlsl">
      <Filter>Shaders\Common</Filter>
    </None>
    <None Include="Shaders\Raytracing\RayTracingLightingCommon.hlsl">
      <Filter>Shaders\ModelViewer\Raytracing</Filter>
    </None>
    <None Include="Shaders\OctahedralCommon.hlsl">
      <Filter>Shaders\Common</Filter>
    </None>
    <None Include="Shaders\Raytracing\Reservoir.hlsl">
      <Filter>Shaders\ModelViewer\Raytracing</Filter>
    </None>
    <None Include="Shaders\ProceduralTextures.hlsl">
      <Filter>Shaders\Common</Filter>
    </None>
    <None Include="Shaders\Denoising\DenoisingCommon.hlsl">
      <Filter>Shaders\Denoising</Filter>
    </None>
    <None Include="Shaders\UniformBuffers.hlsl">
      <Filter>Shaders\Common</Filter>
    </None>
    <None Include="Shaders\Raytracing\ModelViewerRTInputs.hlsl">
      <Filter>Shaders\ModelViewer\Raytracing</Filter>
    </None>
    <None Include="Shaders\Raytracing\ReSTIRGICommon.hlsl">
      <Filter>Shaders\GI</Filter>
    </None>
    <None Include="Shaders\VisibilityBuffer\VisibilityBufferCommon.hlsli">
      <Filter>Shaders\VisibilityBuffer</Filter>
    </None>
  </ItemGroup>
  <ItemGroup>
    <FxCompile Include="Core\Shaders\TextVS.hlsl">
      <Filter>Core\Shaders\Text</Filter>
    </FxCompile>
    <FxCompile Include="Core\Shaders\TextAntialiasingPS.hlsl">
      <Filter>Core\Shaders\Text</Filter>
    </FxCompile>
    <FxCompile Include="Core\Shaders\TextShadowPS.hlsl">
      <Filter>Core\Shaders\Text</Filter>
    </FxCompile>
    <FxCompile Include="Core\Shaders\BicubicHorizontalUpsamplePS.hlsl">
      <Filter>Core\Shaders\Present</Filter>
    </FxCompile>
    <FxCompile Include="Core\Shaders\BicubicVerticalUpsamplePS.hlsl">
      <Filter>Core\Shaders\Present</Filter>
    </FxCompile>
    <FxCompile Include="Core\Shaders\BilinearUpsamplePS.hlsl">
      <Filter>Core\Shaders\Present</Filter>
    </FxCompile>
    <FxCompile Include="Core\Shaders\BufferCopyPS.hlsl">
      <Filter>Core\Shaders\Present</Filter>
    </FxCompile>
    <FxCompile Include="Core\Shaders\MagnifyPixelsPS.hlsl">
      <Filter>Core\Shaders\Present</Filter>
    </FxCompile>
    <FxCompile Include="Core\Shaders\PresentHDRPS.hlsl">
      <Filter>Core\Shaders\Present</Filter>
    </FxCompile>
    <FxCompile Include="Core\Shaders\PresentSDRPS.hlsl">
      <Filter>Core\Shaders\Present</Filter>
    </FxCompile>
    <FxCompile Include="Core\Shaders\SharpeningUpsamplePS.hlsl">
      <Filter>Core\Shaders\Present</Filter>
    </FxCompile>
    <FxCompile Include="Core\Shaders\ScreenQuadVS.hlsl">
      <Filter>Core\Shaders\Misc</Filter>
    </FxCompile>
    <FxCompile Include="Core\Shaders\BoundNeighborhoodCS.hlsl">
      <Filter>Core\Shaders\Temporal</Filter>
    </FxCompile>
    <FxCompile Include="Core\Shaders\ResolveTAACS.hlsl">
      <Filter>Core\Shaders\Temporal</Filter>
    </FxCompile>
    <FxCompile Include="Core\Shaders\SharpenTAACS.hlsl">
      <Filter>Core\Shaders\Temporal</Filter>
    </FxCompile>
    <FxCompile Include="Core\Shaders\TemporalBlendCS.hlsl">
      <Filter>Core\Shaders\Temporal</Filter>
    </FxCompile>
    <FxCompile Include="Core\Shaders\CameraVelocityCS.hlsl">
      <Filter>Core\Shaders\Temporal</Filter>
    </FxCompile>
    <FxCompile Include="Core\Shaders\LinearizeDepthCS.hlsl">
      <Filter>Core\Shaders\SSAO</Filter>
    </FxCompile>
    <FxCompile Include="Core\Shaders\BloomExtractAndDownsampleHdrCS.hlsl">
      <Filter>Core\Shaders\HDR</Filter>
    </FxCompile>
    <FxCompile Include="Core\Shaders\BloomExtractAndDownsampleLdrCS.hlsl">
      <Filter>Core\Shaders\HDR</Filter>
    </FxCompile>
    <FxCompile Include="Core\Shaders\BlurCS.hlsl">
      <Filter>Core\Shaders\HDR</Filter>
    </FxCompile>
    <FxCompile Include="Core\Shaders\DownsampleBloomAllCS.hlsl">
      <Filter>Core\Shaders\HDR</Filter>
    </FxCompile>
    <FxCompile Include="Core\Shaders\DownsampleBloomCS.hlsl">
      <Filter>Core\Shaders\HDR</Filter>
    </FxCompile>
    <FxCompile Include="Core\Shaders\UpsampleAndBlurCS.hlsl">
      <Filter>Core\Shaders\HDR</Filter>
    </FxCompile>
    <FxCompile Include="Core\Shaders\ApplyBloomCS.hlsl">
      <Filter>Core\Shaders\HDR</Filter>
    </FxCompile>
    <FxCompile Include="Core\Shaders\ApplyBloom2CS.hlsl">
      <Filter>Core\Shaders\HDR</Filter>
    </FxCompile>
    <FxCompile Include="Core\Shaders\CopyBackPostBufferCS.hlsl">
      <Filter>Core\Shaders\HDR</Filter>
    </FxCompile>
    <FxCompile Include="Core\Shaders\ExtractLumaCS.hlsl">
      <Filter>Core\Shaders\HDR</Filter>
    </FxCompile>
    <FxCompile Include="Core\Shaders\ToneMapCS.hlsl">
      <Filter>Core\Shaders\HDR</Filter>
    </FxCompile>
    <FxCompile Include="Core\Shaders\ToneMap2CS.hlsl">
      <Filter>Core\Shaders\HDR</Filter>
    </FxCompile>
    <FxCompile Include="Core\Shaders\ToneMapHDRCS.hlsl">
      <Filter>Core\Shaders\HDR</Filter>
    </FxCompile>
    <FxCompile Include="Core\Shaders\ToneMapHDR2CS.hlsl">
      <Filter>Core\Shaders\HDR</Filter>
    </FxCompile>
    <FxCompile Include="Core\Shaders\GenerateHistogramCS.hlsl">
      <Filter>Core\Shaders\HDR</Filter>
    </FxCompile>
    <FxCompile Include="Core\Shaders\AdaptExposureCS.hlsl">
      <Filter>Core\Shaders\HDR</Filter>
    </FxCompile>
    <FxCompile Include="Core\Shaders\ParticleSpawnCS.hlsl">
      <Filter>Core\Shaders\Particles</Filter>
    </FxCompile>
    <FxCompile Include="Core\Shaders\ParticleUpdateCS.hlsl">
      <Filter>Core\Shaders\Particles</Filter>
    </FxCompile>
    <FxCompile Include="Core\Shaders\ParticleDispatchIndirectArgsCS.hlsl">
      <Filter>Core\Shaders\Particles</Filter>
    </FxCompile>
    <FxCompile Include="Core\Shaders\ParticleFinalDispatchIndirectArgsCS.hlsl">
      <Filter>Core\Shaders\Particles</Filter>
    </FxCompile>
    <FxCompile Include="Core\Shaders\ParticleVS.hlsl">
      <Filter>Core\Shaders\Particles</Filter>
    </FxCompile>
    <FxCompile Include="Core\Shaders\ParticlePS.hlsl">
      <Filter>Core\Shaders\Particles</Filter>
    </FxCompile>
    <FxCompile Include="Core\Shaders\ParticleNoSortVS.hlsl">
      <Filter>Core\Shaders\Particles</Filter>
    </FxCompile>
    <FxCompile Include="Core\Shaders\SkyboxPS.hlsl">
      <Filter>Core\Shaders\Skybox</Filter>
    </FxCompile>
    <FxCompile Include="Core\Shaders\SkyboxVS.hlsl">
      <Filter>Core\Shaders\Skybox</Filter>
    </FxCompile>
    <FxCompile Include="CommonCompute\CubemapIBL.hlsl">
      <Filter>CommonCompute\Shaders</Filter>
    </FxCompile>
    <FxCompile Include="CommonCompute\CubemapSH.hlsl">
      <Filter>CommonCompute\Shaders</Filter>
    </FxCompile>
    <FxCompile Include="Shaders\ModelViewerVS.hlsl">
      <Filter>Shaders\ModelViewer</Filter>
    </FxCompile>
    <FxCompile Include="Shaders\ModelViewerPS.hlsl">
      <Filter>Shaders\ModelViewer</Filter>
    </FxCompile>
    <FxCompile Include="Shaders\DepthViewerPS.hlsl">
      <Filter>Shaders\ModelViewer</Filter>
    </FxCompile>
    <FxCompile Include="Shaders\DepthViewerVS.hlsl">
      <Filter>Shaders\ModelViewer</Filter>
    </FxCompile>
    <FxCompile Include="Shaders\CommonIndirectPS.hlsl">
      <Filter>Shaders\IndirectRendering</Filter>
    </FxCompile>
    <FxCompile Include="Shaders\CommonIndirectVS.hlsl">
      <Filter>Shaders\IndirectRendering</Filter>
    </FxCompile>
    <FxCompile Include="Shaders\FillLightClusterCS.hlsl">
      <Filter>Shaders\FillLightGrid</Filter>
    </FxCompile>
    <FxCompile Include="Shaders\FillLightGridCS_8.hlsl">
      <Filter>Shaders\FillLightGrid</Filter>
    </FxCompile>
    <FxCompile Include="Shaders\FillLightGridCS_16.hlsl">
      <Filter>Shaders\FillLightGrid</Filter>
    </FxCompile>
    <FxCompile Include="Shaders\FillLightGridCS_24.hlsl">
      <Filter>Shaders\FillLightGrid</Filter>
    </FxCompile>
    <FxCompile Include="Shaders\FillLightGridCS_32.hlsl">
      <Filter>Shaders\FillLightGrid</Filter>
    </FxCompile>
    <FxCompile Include="Shaders\AiCommonPS.hlsl">
      <Filter>Shaders\Common</Filter>
    </FxCompile>
    <FxCompile Include="Shaders\AiCommonVS.hlsl">
      <Filter>Shaders\Common</Filter>
    </FxCompile>
    <FxCompile Include="Shaders\glTFCommonVS.hlsl">
      <Filter>Shaders\Common</Filter>
    </FxCompile>
    <FxCompile Include="Shaders\glTFCommonPS.hlsl">
      <Filter>Shaders\Common</Filter>
    </FxCompile>
    <FxCompile Include="Shaders\WireframeVS.hlsl">
      <Filter>Shaders\Common</Filter>
    </FxCompile>
    <FxCompile Include="Shaders\WireframePS.hlsl">
      <Filter>Shaders\Common</Filter>
    </FxCompile>
    <FxCompile Include="Shaders\DepthOnlyPS.hlsl">
      <Filter>Shaders\Common</Filter>
    </FxCompile>
    <FxCompile Include="Shaders\DepthOnlyVS.hlsl">
      <Filter>Shaders\Common</Filter>
    </FxCompile>
    <FxCompile Include="Shaders\DepthOnlyClipPS.hlsl">
      <Filter>Shaders\Common</Filter>
    </FxCompile>
    <FxCompile Include="Shaders\BasicTrianglePS.hlsl">
      <Filter>Shaders\Common</Filter>
    </FxCompile>
    <FxCompile Include="Shaders\BasicTriangleVS.hlsl">
      <Filter>Shaders\Common</Filter>
    </FxCompile>
    <FxCompile Include="Shaders\IndirectGBufferVS.hlsl">
      <Filter>Shaders\IndirectRendering</Filter>
    </FxCompile>
    <FxCompile Include="Shaders\IndirectGBufferPS.hlsl">
      <Filter>Shaders\IndirectRendering</Filter>
    </FxCompile>
    <FxCompile Include="Shaders\DeferredCS.hlsl">
      <Filter>Shaders\IndirectRendering</Filter>
    </FxCompile>
    <FxCompile Include="Shaders\IndirectDepthVS.hlsl">
      <Filter>Shaders\IndirectRendering</Filter>
    </FxCompile>
    <FxCompile Include="Shaders\IndirectDepthCutoutPS.hlsl">
      <Filter>Shaders\IndirectRendering</Filter>
    </FxCompile>
    <FxCompile Include="Shaders\FrustumCullingCS.hlsl">
      <Filter>Shaders\IndirectRendering</Filter>
    </FxCompile>
    <FxCompile Include="Core\Shaders\GenerateMips.hlsl">
      <Filter>Core\Shaders\GenerateMips</Filter>
    </FxCompile>
    <FxCompile Include="Shaders\OcclusionCullingCS.hlsl">
      <Filter>Shaders\IndirectRendering</Filter>
    </FxCompile>
    <FxCompile Include="Shaders\OcclusionCullArgsCS.hlsl">
      <Filter>Shaders\IndirectRendering</Filter>
    </FxCompile>
    <FxCompile Include="Shaders\GenerateHiZMipsCS.hlsl">
      <Filter>Shaders\IndirectRendering</Filter>
    </FxCompile>
    <FxCompile Include="Shaders\Voxelization\VoxelizationVS.hlsl">
      <Filter>Shaders\Voxelization</Filter>
    </FxCompile>
    <FxCompile Include="Shaders\Voxelization\VoxelizationGS.hlsl">
      <Filter>Shaders\Voxelization</Filter>
    </FxCompile>
    <FxCompile Include="Shaders\Voxelization\VoxelizationPS.hlsl">
      <Filter>Shaders\Voxelization</Filter>
    </FxCompile>
    <FxCompile Include="Shaders\WaterWave\InitH0SpectrumCS.hlsl">
      <Filter>Shaders\WaterWave</Filter>
    </FxCompile>
    <FxCompile Include="Shaders\WaterWave\UpdateSpectrumCS.hlsl">
      <Filter>Shaders\WaterWave</Filter>
    </FxCompile>
    <FxCompile Include="Shaders\WaterWave\GenerateFFTWeightsCS.hlsl">
      <Filter>Shaders\WaterWave</Filter>
    </FxCompile>
    <FxCompile Include="Shaders\WaterWave\FFTHorizontalCS.hlsl">
      <Filter>Shaders\WaterWave</Filter>
    </FxCompile>
    <FxCompile Include="Shaders\WaterWave\WaterShadingVS.hlsl">
      <Filter>Shaders\WaterWave</Filter>
    </FxCompile>
    <FxCompile Include="Shaders\WaterWave\WaterShadingPS.hlsl">
      <Filter>Shaders\WaterWave</Filter>
    </FxCompile>
    <FxCompile Include="Shaders\CommonDebug.hlsl">
      <Filter>Shaders\Common</Filter>
    </FxCompile>
    <FxCompile Include="Shaders\WaterWave\FFTVerticalCS.hlsl">
      <Filter>Shaders\WaterWave</Filter>
    </FxCompile>
    <FxCompile Include="Shaders\WaterWave\CombineIFFTOutputsCS.hlsl">
      <Filter>Shaders\WaterWave</Filter>
    </FxCompile>
    <FxCompile Include="Shaders\Misc\VoronoiVS.hlsl">
      <Filter>Shaders\Misc</Filter>
    </FxCompile>
    <FxCompile Include="Shaders\Misc\VoronoiPS.hlsl">
      <Filter>Shaders\Misc</Filter>
    </FxCompile>
    <FxCompile Include="Shaders\Misc\InitSeedsCS.hlsl">
      <Filter>Shaders\Misc</Filter>
    </FxCompile>
    <FxCompile Include="Shaders\Misc\JumpFloodVoronoiCS.hlsl">
      <Filter>Shaders\Misc</Filter>
    </FxCompile>
    <FxCompile Include="Shaders\Misc\JFAVoronoiTexCS.hlsl">
      <Filter>Shaders\Misc</Filter>
    </FxCompile>
    <FxCompile Include="Core\Shaders\Generate3DTexMips.hlsl">
      <Filter>Core\Shaders\GenerateMips</Filter>
    </FxCompile>
    <FxCompile Include="Core\Shaders\ScreenQuadCommonVS.hlsl">
      <Filter>Core\Shaders\Misc</Filter>
    </FxCompile>
    <FxCompile Include="Core\Shaders\CompositeSDRPS.hlsl">
      <Filter>Core\Shaders\Present</Filter>
    </FxCompile>
    <FxCompile Include="Core\Shaders\CompositeHDRPS.hlsl">
      <Filter>Core\Shaders\Present</Filter>
    </FxCompile>
    <FxCompile Include="Core\Shaders\BlendUIHDRPS.hlsl">
      <Filter>Core\Shaders\Present</Filter>
    </FxCompile>
    <FxCompile Include="Core\Shaders\ScaleAndCompositeSDRPS.hlsl">
      <Filter>Core\Shaders\Present</Filter>
    </FxCompile>
    <FxCompile Include="Core\Shaders\ScaleAndCompositeHDRPS.hlsl">
      <Filter>Core\Shaders\Present</Filter>
    </FxCompile>
    <FxCompile Include="Core\Shaders\LanczosHorizontalPS.hlsl">
      <Filter>Core\Shaders\Present</Filter>
    </FxCompile>
    <FxCompile Include="Core\Shaders\LanczosVerticalPS.hlsl">
      <Filter>Core\Shaders\Present</Filter>
    </FxCompile>
    <FxCompile Include="Core\Shaders\LanczosCS.hlsl">
      <Filter>Core\Shaders\Present</Filter>
    </FxCompile>
    <FxCompile Include="Core\Shaders\BicubicUpsampleCS.hlsl">
      <Filter>Core\Shaders\Present</Filter>
    </FxCompile>
    <FxCompile Include="Core\Shaders\ResolveTAACS_Intel.hlsl">
      <Filter>Core\Shaders\Temporal</Filter>
    </FxCompile>
    <FxCompile Include="Shaders\Raytracing\RayGenShaderLib.hlsl">
      <Filter>Shaders\ModelViewer\Raytracing</Filter>
    </FxCompile>
    <FxCompile Include="Shaders\Raytracing\RayGenShaderSSRLib.hlsl">
      <Filter>Shaders\ModelViewer\Raytracing</Filter>
    </FxCompile>
    <FxCompile Include="Shaders\Raytracing\RayGenShaderShadowsLib.hlsl">
      <Filter>Shaders\ModelViewer\Raytracing</Filter>
    </FxCompile>
    <FxCompile Include="Shaders\Raytracing\MissShaderLib.hlsl">
      <Filter>Shaders\ModelViewer\Raytracing</Filter>
    </FxCompile>
    <FxCompile Include="Shaders\Raytracing\MissShadowsLib.hlsl">
      <Filter>Shaders\ModelViewer\Raytracing</Filter>
    </FxCompile>
    <FxCompile Include="Shaders\Raytracing\HitShaderLib.hlsl">
      <Filter>Shaders\ModelViewer\Raytracing</Filter>
    </FxCompile>
    <FxCompile Include="Shaders\Raytracing\DiffuseHitShaderLib.hlsl">
      <Filter>Shaders\ModelViewer\Raytracing</Filter>
    </FxCompile>
    <FxCompile Include="Shaders\Raytracing\SimplePathTracing.hlsl">
      <Filter>Shaders\ModelViewer\Raytracing</Filter>
    </FxCompile>
    <FxCompile Include="Core\Shaders\BufferCopyCS.hlsl">
      <Filter>Core\Shaders\Present</Filter>
    </FxCompile>
    <FxCompile Include="Shaders\Raytracing\ClearReservoirs.hlsl">
      <Filter>Shaders\ModelViewer\Raytracing</Filter>
    </FxCompile>
    <FxCompile Include="Shaders\Raytracing\ReSTIRWithDirectLighting.hlsl">
      <Filter>Shaders\ModelViewer\Raytracing</Filter>
    </FxCompile>
    <FxCompile Include="Shaders\Denoising\TemporalReverseReprojectCS.hlsl">
      <Filter>Shaders\Denoising</Filter>
    </FxCompile>
    <FxCompile Include="Shaders\Denoising\TemporalBlendFrameCS.hlsl">
      <Filter>Shaders\Denoising</Filter>
    </FxCompile>
    <FxCompile Include="Shaders\Denoising\CalculateMeanVarianceCS.hlsl">
      <Filter>Shaders\Denoising</Filter>
    </FxCompile>
    <FxCompile Include="Shaders\Denoising\DepthAwareGaussianFilterCS.hlsl">
      <Filter>Shaders\Denoising</Filter>
    </FxCompile>
    <FxCompile Include="Shaders\Denoising\AtrousWaveletBilateralFilterCS.hlsl">
      <Filter>Shaders\Denoising</Filter>
    </FxCompile>
    <FxCompile Include="Shaders\Raytracing\ReSTIR_TraceDiffuse.hlsl">
      <Filter>Shaders\GI</Filter>
    </FxCompile>
    <FxCompile Include="Shaders\Raytracing\ReSTIR_Temporal.hlsl">
      <Filter>Shaders\GI</Filter>
    </FxCompile>
    <FxCompile Include="Shaders\Raytracing\ReSTIR_Resolve.hlsl">
      <Filter>Shaders\GI</Filter>
    </FxCompile>
    <FxCompile Include="Shaders\IndirectGBufferCutoutPS.hlsl">
      <Filter>Shaders\IndirectRendering</Filter>
    </FxCompile>
    <FxCompile Include="Shaders\VisibilityBuffer\VisibilityBufferVS.hlsl">
      <Filter>Shaders\VisibilityBuffer</Filter>
    </FxCompile>
    <FxCompile Include="Shaders\VisibilityBuffer\VisibilityBufferPS.hlsl">
      <Filter>Shaders\VisibilityBuffer</Filter>
    </FxCompile>
    <FxCompile Include="Shaders\VisibilityBuffer\VisibilityComputeCS.hlsl">
      <Filter>Shaders\VisibilityBuffer</Filter>
    </FxCompile>
    <FxCompile Include="Shaders\PointLightShadowVS.hlsl">
      <Filter>Shaders\ModelViewer</Filter>
    </FxCompile>
    <FxCompile Include="Shaders\VisibilityBuffer\GradientDetectionCS.hlsl">
      <Filter>Shaders\VisibilityBuffer</Filter>
    </FxCompile>
    <FxCompile Include="Shaders\Misc\DepthOnlyDynDescVS.hlsl">
      <Filter>Shaders\Misc</Filter>
    </FxCompile>
    <FxCompile Include="Shaders\Misc\DepthOnlyDynDescPS.hlsl">
      <Filter>Shaders\Misc</Filter>
    </FxCompile>
    <FxCompile Include="Shaders\Misc\ResolveCS.hlsl">
      <Filter>Shaders\Misc</Filter>
    </FxCompile>
  </ItemGroup>
  <ItemGroup>
    <ResourceCompile Include="MyMiniEngine.rc">
      <Filter>资源文件</Filter>
    </ResourceCompile>
  </ItemGroup>
  <ItemGroup>
    <Image Include="hinata.ico">
      <Filter>资源文件</Filter>
    </Image>
    <Image Include="chichan.ico">
      <Filter>资源文件</Filter>
    </Image>
  </ItemGroup>
</Project>